// !$*UTF8*$!
{
	archiveVersion = 1;
	classes = {
	};
	objectVersion = 45;
	objects = {

/* Begin PBXBuildFile section */
		6696DFB91266DE5800111E23 /* UIWebView+Spec.m in Sources */ = {isa = PBXBuildFile; fileRef = 6696DFB81266DE5800111E23 /* UIWebView+Spec.m */; };
		6696DFC81266DE8500111E23 /* libCedar-StaticLib.a in Frameworks */ = {isa = PBXBuildFile; fileRef = AE138A9411E3FFD6004E825D /* libCedar-StaticLib.a */; };
		6696DFC91266DE8D00111E23 /* libOCMock-StaticLib.a in Frameworks */ = {isa = PBXBuildFile; fileRef = AE138A7D11E3FFC7004E825D /* libOCMock-StaticLib.a */; };
		6696DFCA1266DE9500111E23 /* libOCHamcrest-StaticLib.a in Frameworks */ = {isa = PBXBuildFile; fileRef = AE138A4611E3FEB6004E825D /* libOCHamcrest-StaticLib.a */; };
		6696E0011266E09800111E23 /* main.m in Sources */ = {isa = PBXBuildFile; fileRef = 6696E0001266E09800111E23 /* main.m */; };
		6696E0321266E36E00111E23 /* UIWebViewSpec+Spec.m in Sources */ = {isa = PBXBuildFile; fileRef = 6696E0311266E36E00111E23 /* UIWebViewSpec+Spec.m */; };
		6696E04A1266E6B900111E23 /* UIWebView+Spec.m in Sources */ = {isa = PBXBuildFile; fileRef = 6696DFB81266DE5800111E23 /* UIWebView+Spec.m */; };
		669722AD125851D700696CAC /* PCKParserDelegate.h in Headers */ = {isa = PBXBuildFile; fileRef = 669722AC125851D700696CAC /* PCKParserDelegate.h */; };
		669722AE125851D700696CAC /* PCKParserDelegate.h in Headers */ = {isa = PBXBuildFile; fileRef = 669722AC125851D700696CAC /* PCKParserDelegate.h */; settings = {ATTRIBUTES = (Public, ); }; };
		6697275912599D1100696CAC /* PCKHTTPConnectionOperation.h in Headers */ = {isa = PBXBuildFile; fileRef = 6697275712599D1100696CAC /* PCKHTTPConnectionOperation.h */; settings = {ATTRIBUTES = (); }; };
		6697275A12599D1100696CAC /* PCKHTTPConnectionOperation.m in Sources */ = {isa = PBXBuildFile; fileRef = 6697275812599D1100696CAC /* PCKHTTPConnectionOperation.m */; };
		6697275B12599D1100696CAC /* PCKHTTPConnectionOperation.h in Headers */ = {isa = PBXBuildFile; fileRef = 6697275712599D1100696CAC /* PCKHTTPConnectionOperation.h */; };
		6697275C12599D1100696CAC /* PCKHTTPConnectionOperation.m in Sources */ = {isa = PBXBuildFile; fileRef = 6697275812599D1100696CAC /* PCKHTTPConnectionOperation.m */; };
		6697275F12599F5500696CAC /* PCKHTTPConnection.h in Headers */ = {isa = PBXBuildFile; fileRef = 6697275D12599F5500696CAC /* PCKHTTPConnection.h */; settings = {ATTRIBUTES = (); }; };
		6697276012599F5500696CAC /* PCKHTTPConnection.m in Sources */ = {isa = PBXBuildFile; fileRef = 6697275E12599F5500696CAC /* PCKHTTPConnection.m */; };
		6697276112599F5500696CAC /* PCKHTTPConnection.h in Headers */ = {isa = PBXBuildFile; fileRef = 6697275D12599F5500696CAC /* PCKHTTPConnection.h */; };
		6697276212599F5500696CAC /* PCKHTTPConnection.m in Sources */ = {isa = PBXBuildFile; fileRef = 6697275E12599F5500696CAC /* PCKHTTPConnection.m */; };
		6697277D1259A0CE00696CAC /* PCKHTTPConnectionSpec.m in Sources */ = {isa = PBXBuildFile; fileRef = 6697277C1259A0CE00696CAC /* PCKHTTPConnectionSpec.m */; };
		669727981259A31900696CAC /* PCKHTTPConnectionOperationSpec.m in Sources */ = {isa = PBXBuildFile; fileRef = 669727971259A31900696CAC /* PCKHTTPConnectionOperationSpec.m */; };
		6697283B1260FF9400696CAC /* FakeConnectionDelegate.m in Sources */ = {isa = PBXBuildFile; fileRef = 6697283A1260FF9400696CAC /* FakeConnectionDelegate.m */; };
		66C4D699123DA5CB00CF9746 /* PCKXMLParserDelegate.h in Headers */ = {isa = PBXBuildFile; fileRef = 66C4D697123DA5CB00CF9746 /* PCKXMLParserDelegate.h */; settings = {ATTRIBUTES = (Public, ); }; };
		66C4D69A123DA5CB00CF9746 /* PCKXMLParserDelegate.m in Sources */ = {isa = PBXBuildFile; fileRef = 66C4D698123DA5CB00CF9746 /* PCKXMLParserDelegate.m */; };
		66C4D69B123DA5CB00CF9746 /* PCKXMLParserDelegate.h in Headers */ = {isa = PBXBuildFile; fileRef = 66C4D697123DA5CB00CF9746 /* PCKXMLParserDelegate.h */; };
		66C4D69C123DA5CB00CF9746 /* PCKXMLParserDelegate.m in Sources */ = {isa = PBXBuildFile; fileRef = 66C4D698123DA5CB00CF9746 /* PCKXMLParserDelegate.m */; };
		AE138A5E11E3FF26004E825D /* OCHamcrest.framework in Frameworks */ = {isa = PBXBuildFile; fileRef = AE138A4411E3FEB6004E825D /* OCHamcrest.framework */; };
		AE138A6711E3FF73004E825D /* OCHamcrest.framework in Copy Frameworks */ = {isa = PBXBuildFile; fileRef = AE138A4411E3FEB6004E825D /* OCHamcrest.framework */; };
		AE138A9F11E3FFF3004E825D /* OCMock.framework in Copy Frameworks */ = {isa = PBXBuildFile; fileRef = AE138A7911E3FFC7004E825D /* OCMock.framework */; };
		AE138ACF11E400D2004E825D /* OCMock.framework in Frameworks */ = {isa = PBXBuildFile; fileRef = AE138A7911E3FFC7004E825D /* OCMock.framework */; };
		AE138CB811E4F504004E825D /* Cedar.framework in Frameworks */ = {isa = PBXBuildFile; fileRef = AE138A9011E3FFD6004E825D /* Cedar.framework */; };
		AE138CCA11E4F624004E825D /* Cedar.framework in Copy Frameworks */ = {isa = PBXBuildFile; fileRef = AE138A9011E3FFD6004E825D /* Cedar.framework */; };
		AE138E7411E542F1004E825D /* PCKHTTPInterface.m in Sources */ = {isa = PBXBuildFile; fileRef = AECC4BF511C6E38D0027AB1B /* PCKHTTPInterface.m */; };
		AE138E7511E542F1004E825D /* NSString+PivotalCore.m in Sources */ = {isa = PBXBuildFile; fileRef = AE71481911CAAD4F00672114 /* NSString+PivotalCore.m */; };
		AE138E7611E542F1004E825D /* NSData+PivotalCore.m in Sources */ = {isa = PBXBuildFile; fileRef = AE71490211CBFDD900672114 /* NSData+PivotalCore.m */; };
		AE138E7711E542F1004E825D /* PCKXMLParser.m in Sources */ = {isa = PBXBuildFile; fileRef = AE88AF7B11DE6BE000B65DD3 /* PCKXMLParser.m */; };
		AE138F4911E548E1004E825D /* NSURLConnection+Spec.m in Sources */ = {isa = PBXBuildFile; fileRef = AEF15A1F11C97864005B4F92 /* NSURLConnection+Spec.m */; };
		AE138F4A11E548E1004E825D /* PSHKFakeHTTPURLResponse.m in Sources */ = {isa = PBXBuildFile; fileRef = AEF15AF911C97F95005B4F92 /* PSHKFakeHTTPURLResponse.m */; };
		AE138F4B11E548E1004E825D /* PSHKFakeResponses.m in Sources */ = {isa = PBXBuildFile; fileRef = AEF15B4411C984EB005B4F92 /* PSHKFakeResponses.m */; };
		AE13904A11E5508A004E825D /* PivotalSpecHelperKit.h in Headers */ = {isa = PBXBuildFile; fileRef = AE13904911E5508A004E825D /* PivotalSpecHelperKit.h */; settings = {ATTRIBUTES = (Public, ); }; };
		AE13930011E64E05004E825D /* NSXMLParserDelegate.h in Headers */ = {isa = PBXBuildFile; fileRef = AE1392FF11E64E05004E825D /* NSXMLParserDelegate.h */; settings = {ATTRIBUTES = (Public, ); }; };
		AE13930111E64E05004E825D /* NSXMLParserDelegate.h in Headers */ = {isa = PBXBuildFile; fileRef = AE1392FF11E64E05004E825D /* NSXMLParserDelegate.h */; };
		AE515E0E123AA778004B2CEB /* PivotalCoreKit.h in Headers */ = {isa = PBXBuildFile; fileRef = AE515E0D123AA778004B2CEB /* PivotalCoreKit.h */; settings = {ATTRIBUTES = (Public, ); }; };
		AE71481A11CAAD4F00672114 /* NSString+PivotalCore.h in Headers */ = {isa = PBXBuildFile; fileRef = AE71481811CAAD4F00672114 /* NSString+PivotalCore.h */; settings = {ATTRIBUTES = (Public, ); }; };
		AE71481B11CAAD4F00672114 /* NSString+PivotalCore.m in Sources */ = {isa = PBXBuildFile; fileRef = AE71481911CAAD4F00672114 /* NSString+PivotalCore.m */; };
		AE71483211CAB2B500672114 /* NSStringSpec+PivotalCore.m in Sources */ = {isa = PBXBuildFile; fileRef = AE71481D11CAAE1600672114 /* NSStringSpec+PivotalCore.m */; };
		AE71490511CBFE1800672114 /* NSDataSpec+PivotalCore.m in Sources */ = {isa = PBXBuildFile; fileRef = AE71490411CBFE1800672114 /* NSDataSpec+PivotalCore.m */; };
		AE71490611CBFE2200672114 /* NSData+PivotalCore.m in Sources */ = {isa = PBXBuildFile; fileRef = AE71490211CBFDD900672114 /* NSData+PivotalCore.m */; };
		AE71493011CC108700672114 /* NSData+PivotalCore.h in Headers */ = {isa = PBXBuildFile; fileRef = AE71490111CBFDD900672114 /* NSData+PivotalCore.h */; settings = {ATTRIBUTES = (Public, ); }; };
		AE88AF7C11DE6BE000B65DD3 /* PCKXMLParser.h in Headers */ = {isa = PBXBuildFile; fileRef = AE88AF7A11DE6BE000B65DD3 /* PCKXMLParser.h */; settings = {ATTRIBUTES = (Public, ); }; };
		AE88AF7D11DE6BE000B65DD3 /* PCKXMLParser.m in Sources */ = {isa = PBXBuildFile; fileRef = AE88AF7B11DE6BE000B65DD3 /* PCKXMLParser.m */; };
		AE88B00D11DE6D3600B65DD3 /* libxml2.dylib in Frameworks */ = {isa = PBXBuildFile; fileRef = AE88B00711DE6D1200B65DD3 /* libxml2.dylib */; settings = {ATTRIBUTES = (Weak, ); }; };
		AE91CACC11DE69EE002BA6B9 /* PCKXMLParserSpec.m in Sources */ = {isa = PBXBuildFile; fileRef = AE91CACB11DE69EE002BA6B9 /* PCKXMLParserSpec.m */; };
		AEBD9597120CB852003C1C5B /* PCKResponseParser.h in Headers */ = {isa = PBXBuildFile; fileRef = AEBD9594120CB852003C1C5B /* PCKResponseParser.h */; };
		AEBD9598120CB852003C1C5B /* PCKResponseParser.m in Sources */ = {isa = PBXBuildFile; fileRef = AEBD9595120CB852003C1C5B /* PCKResponseParser.m */; };
		AEBD9599120CB852003C1C5B /* PCKResponseParser.h in Headers */ = {isa = PBXBuildFile; fileRef = AEBD9594120CB852003C1C5B /* PCKResponseParser.h */; settings = {ATTRIBUTES = (Public, ); }; };
		AEBD959A120CB852003C1C5B /* PCKResponseParser.m in Sources */ = {isa = PBXBuildFile; fileRef = AEBD9595120CB852003C1C5B /* PCKResponseParser.m */; };
		AEBD95A0120CB8AA003C1C5B /* PCKResponseParserSpec.m in Sources */ = {isa = PBXBuildFile; fileRef = AEBD959F120CB8AA003C1C5B /* PCKResponseParserSpec.m */; };
		AEBD95AA120CBB1B003C1C5B /* PCKParser.h in Headers */ = {isa = PBXBuildFile; fileRef = AEBD95A9120CBAF6003C1C5B /* PCKParser.h */; settings = {ATTRIBUTES = (Public, ); }; };
		AECC4BD611C6E27F0027AB1B /* PCKHTTPInterfaceSpec.m in Sources */ = {isa = PBXBuildFile; fileRef = AECC4BAA11C6E0C00027AB1B /* PCKHTTPInterfaceSpec.m */; };
		AECC4BEA11C6E3280027AB1B /* main.m in Sources */ = {isa = PBXBuildFile; fileRef = AECC4BAD11C6E1640027AB1B /* main.m */; };
		AEE6908E1202523700769ADC /* PSHKFixtures.h in Headers */ = {isa = PBXBuildFile; fileRef = AEE6908C1202523700769ADC /* PSHKFixtures.h */; settings = {ATTRIBUTES = (Public, ); }; };
		AEE6908F1202523700769ADC /* PSHKFixtures.m in Sources */ = {isa = PBXBuildFile; fileRef = AEE6908D1202523700769ADC /* PSHKFixtures.m */; };
		AEE690911202523700769ADC /* PSHKFixtures.m in Sources */ = {isa = PBXBuildFile; fileRef = AEE6908D1202523700769ADC /* PSHKFixtures.m */; };
		AEE6913B12025A8000769ADC /* SpecHelper.m in Sources */ = {isa = PBXBuildFile; fileRef = AEE690FD1202584C00769ADC /* SpecHelper.m */; };
		AEF15ACB11C97EA4005B4F92 /* PCKHTTPInterface.m in Sources */ = {isa = PBXBuildFile; fileRef = AECC4BF511C6E38D0027AB1B /* PCKHTTPInterface.m */; };
		AEF15ACC11C97EA9005B4F92 /* PCKHTTPInterface.h in Headers */ = {isa = PBXBuildFile; fileRef = AECC4BF411C6E38D0027AB1B /* PCKHTTPInterface.h */; settings = {ATTRIBUTES = (Public, ); }; };
		AEF15ACF11C97EDE005B4F92 /* PivotalCoreKit.framework in Frameworks */ = {isa = PBXBuildFile; fileRef = AEF15AC511C97E8B005B4F92 /* PivotalCoreKit.framework */; };
		AEF15AF111C97F4C005B4F92 /* NSURLConnection+Spec.h in Headers */ = {isa = PBXBuildFile; fileRef = AEF15A1E11C97864005B4F92 /* NSURLConnection+Spec.h */; settings = {ATTRIBUTES = (Public, ); }; };
		AEF15AF211C97F51005B4F92 /* NSURLConnection+Spec.m in Sources */ = {isa = PBXBuildFile; fileRef = AEF15A1F11C97864005B4F92 /* NSURLConnection+Spec.m */; };
		AEF15AFA11C97F95005B4F92 /* PSHKFakeHTTPURLResponse.h in Headers */ = {isa = PBXBuildFile; fileRef = AEF15AF811C97F95005B4F92 /* PSHKFakeHTTPURLResponse.h */; settings = {ATTRIBUTES = (Public, ); }; };
		AEF15AFB11C97F95005B4F92 /* PSHKFakeHTTPURLResponse.m in Sources */ = {isa = PBXBuildFile; fileRef = AEF15AF911C97F95005B4F92 /* PSHKFakeHTTPURLResponse.m */; };
		AEF15AFF11C97FF9005B4F92 /* NSURLConnectionDelegate.h in Headers */ = {isa = PBXBuildFile; fileRef = AEF15AFE11C97FF9005B4F92 /* NSURLConnectionDelegate.h */; settings = {ATTRIBUTES = (Public, ); }; };
		AEF15B0911C98072005B4F92 /* PivotalSpecHelperKit.framework in Frameworks */ = {isa = PBXBuildFile; fileRef = AEF15AE011C97F15005B4F92 /* PivotalSpecHelperKit.framework */; };
		AEF15B4511C984EB005B4F92 /* PSHKFakeResponses.h in Headers */ = {isa = PBXBuildFile; fileRef = AEF15B4311C984EB005B4F92 /* PSHKFakeResponses.h */; settings = {ATTRIBUTES = (Public, ); }; };
		AEF15B4611C984EB005B4F92 /* PSHKFakeResponses.m in Sources */ = {isa = PBXBuildFile; fileRef = AEF15B4411C984EB005B4F92 /* PSHKFakeResponses.m */; };
/* End PBXBuildFile section */

/* Begin PBXContainerItemProxy section */
		6696DFCB1266DEA700111E23 /* PBXContainerItemProxy */ = {
			isa = PBXContainerItemProxy;
			containerPortal = AE138A8011E3FFD6004E825D /* Cedar.xcodeproj */;
			proxyType = 1;
			remoteGlobalIDString = AEEE222811DC2B0600029872;
			remoteInfo = "Cedar-StaticLib";
		};
		6696DFCD1266DEAC00111E23 /* PBXContainerItemProxy */ = {
			isa = PBXContainerItemProxy;
			containerPortal = AE138A3911E3FEB6004E825D /* OCHamcrest.xcodeproj */;
			proxyType = 1;
			remoteGlobalIDString = 50066DAC1191DDE600A7A86D;
			remoteInfo = "OCHamcrest-StaticLib";
		};
		6696DFCF1266DEB100111E23 /* PBXContainerItemProxy */ = {
			isa = PBXContainerItemProxy;
			containerPortal = AE138A6E11E3FFC7004E825D /* OCMock.xcodeproj */;
			proxyType = 1;
			remoteGlobalIDString = 508C285E119042C300E392B9;
			remoteInfo = "OCMock-StaticLib";
		};
		AE138A4311E3FEB6004E825D /* PBXContainerItemProxy */ = {
			isa = PBXContainerItemProxy;
			containerPortal = AE138A3911E3FEB6004E825D /* OCHamcrest.xcodeproj */;
			proxyType = 2;
			remoteGlobalIDString = 8DC2EF5B0486A6940098B216;
			remoteInfo = OCHamcrest;
		};
		AE138A4511E3FEB6004E825D /* PBXContainerItemProxy */ = {
			isa = PBXContainerItemProxy;
			containerPortal = AE138A3911E3FEB6004E825D /* OCHamcrest.xcodeproj */;
			proxyType = 2;
			remoteGlobalIDString = 50066DAD1191DDE700A7A86D;
			remoteInfo = "OCHamcrest-StaticLib";
		};
		AE138A4711E3FEB6004E825D /* PBXContainerItemProxy */ = {
			isa = PBXContainerItemProxy;
			containerPortal = AE138A3911E3FEB6004E825D /* OCHamcrest.xcodeproj */;
			proxyType = 2;
			remoteGlobalIDString = 0F2A4B1F0D8B68B400051BCF;
			remoteInfo = UnitTests;
		};
		AE138A4D11E3FF07004E825D /* PBXContainerItemProxy */ = {
			isa = PBXContainerItemProxy;
			containerPortal = AE138A3911E3FEB6004E825D /* OCHamcrest.xcodeproj */;
			proxyType = 1;
			remoteGlobalIDString = 8DC2EF4F0486A6940098B216;
			remoteInfo = OCHamcrest;
		};
		AE138A7811E3FFC7004E825D /* PBXContainerItemProxy */ = {
			isa = PBXContainerItemProxy;
			containerPortal = AE138A6E11E3FFC7004E825D /* OCMock.xcodeproj */;
			proxyType = 2;
			remoteGlobalIDString = 8DC2EF5B0486A6940098B216;
			remoteInfo = OCMock;
		};
		AE138A7A11E3FFC7004E825D /* PBXContainerItemProxy */ = {
			isa = PBXContainerItemProxy;
			containerPortal = AE138A6E11E3FFC7004E825D /* OCMock.xcodeproj */;
			proxyType = 2;
			remoteGlobalIDString = 03BF2D3708F1C69500978C59;
			remoteInfo = OCMockTests;
		};
		AE138A7C11E3FFC7004E825D /* PBXContainerItemProxy */ = {
			isa = PBXContainerItemProxy;
			containerPortal = AE138A6E11E3FFC7004E825D /* OCMock.xcodeproj */;
			proxyType = 2;
			remoteGlobalIDString = 508C285F119042C300E392B9;
			remoteInfo = "OCMock-StaticLib";
		};
		AE138A8F11E3FFD6004E825D /* PBXContainerItemProxy */ = {
			isa = PBXContainerItemProxy;
			containerPortal = AE138A8011E3FFD6004E825D /* Cedar.xcodeproj */;
			proxyType = 2;
			remoteGlobalIDString = AEEE1FB611DC271300029872;
			remoteInfo = Cedar;
		};
		AE138A9111E3FFD6004E825D /* PBXContainerItemProxy */ = {
			isa = PBXContainerItemProxy;
			containerPortal = AE138A8011E3FFD6004E825D /* Cedar.xcodeproj */;
			proxyType = 2;
			remoteGlobalIDString = AEEE218611DC28E200029872;
			remoteInfo = Specs;
		};
		AE138A9311E3FFD6004E825D /* PBXContainerItemProxy */ = {
			isa = PBXContainerItemProxy;
			containerPortal = AE138A8011E3FFD6004E825D /* Cedar.xcodeproj */;
			proxyType = 2;
			remoteGlobalIDString = AEEE222911DC2B0600029872;
			remoteInfo = "Cedar-StaticLib";
		};
		AE138A9511E3FFD6004E825D /* PBXContainerItemProxy */ = {
			isa = PBXContainerItemProxy;
			containerPortal = AE138A8011E3FFD6004E825D /* Cedar.xcodeproj */;
			proxyType = 2;
			remoteGlobalIDString = AEEE227611DC2CF900029872;
			remoteInfo = iPhoneSpecs;
		};
		AE138A9B11E3FFE2004E825D /* PBXContainerItemProxy */ = {
			isa = PBXContainerItemProxy;
			containerPortal = AE138A8011E3FFD6004E825D /* Cedar.xcodeproj */;
			proxyType = 1;
			remoteGlobalIDString = AEEE1FB511DC271300029872;
			remoteInfo = Cedar;
		};
		AE138A9D11E3FFE5004E825D /* PBXContainerItemProxy */ = {
			isa = PBXContainerItemProxy;
			containerPortal = AE138A6E11E3FFC7004E825D /* OCMock.xcodeproj */;
			proxyType = 1;
			remoteGlobalIDString = 8DC2EF4F0486A6940098B216;
			remoteInfo = OCMock;
		};
		AEF15ACD11C97ED1005B4F92 /* PBXContainerItemProxy */ = {
			isa = PBXContainerItemProxy;
			containerPortal = 0867D690FE84028FC02AAC07 /* Project object */;
			proxyType = 1;
			remoteGlobalIDString = AEF15AC411C97E8B005B4F92;
			remoteInfo = PivotalCoreKit;
		};
		AEF15B1411C9809B005B4F92 /* PBXContainerItemProxy */ = {
			isa = PBXContainerItemProxy;
			containerPortal = 0867D690FE84028FC02AAC07 /* Project object */;
			proxyType = 1;
			remoteGlobalIDString = AEF15ADF11C97F15005B4F92;
			remoteInfo = PivotalSpecHelperKit;
		};
/* End PBXContainerItemProxy section */

/* Begin PBXCopyFilesBuildPhase section */
		AECC4BDF11C6E2D50027AB1B /* Copy Frameworks */ = {
			isa = PBXCopyFilesBuildPhase;
			buildActionMask = 2147483647;
			dstPath = "";
			dstSubfolderSpec = 10;
			files = (
				AE138CCA11E4F624004E825D /* Cedar.framework in Copy Frameworks */,
				AE138A6711E3FF73004E825D /* OCHamcrest.framework in Copy Frameworks */,
				AE138A9F11E3FFF3004E825D /* OCMock.framework in Copy Frameworks */,
			);
			name = "Copy Frameworks";
			runOnlyForDeploymentPostprocessing = 0;
		};
/* End PBXCopyFilesBuildPhase section */

/* Begin PBXFileReference section */
		0867D69BFE84028FC02AAC07 /* Foundation.framework */ = {isa = PBXFileReference; lastKnownFileType = wrapper.framework; name = Foundation.framework; path = /System/Library/Frameworks/Foundation.framework; sourceTree = "<absolute>"; };
		6696DFB71266DE5800111E23 /* UIWebView+Spec.h */ = {isa = PBXFileReference; fileEncoding = 4; lastKnownFileType = sourcecode.c.h; path = "UIWebView+Spec.h"; sourceTree = "<group>"; };
		6696DFB81266DE5800111E23 /* UIWebView+Spec.m */ = {isa = PBXFileReference; fileEncoding = 4; lastKnownFileType = sourcecode.c.objc; path = "UIWebView+Spec.m"; sourceTree = "<group>"; };
		6696DFC21266DE6C00111E23 /* UISpec.app */ = {isa = PBXFileReference; explicitFileType = wrapper.application; includeInIndex = 0; path = UISpec.app; sourceTree = BUILT_PRODUCTS_DIR; };
		6696DFC41266DE6C00111E23 /* UISpec-Info.plist */ = {isa = PBXFileReference; lastKnownFileType = text.plist.xml; path = "UISpec-Info.plist"; sourceTree = "<group>"; };
		6696E0001266E09800111E23 /* main.m */ = {isa = PBXFileReference; fileEncoding = 4; lastKnownFileType = sourcecode.c.objc; path = main.m; sourceTree = "<group>"; };
		6696E0311266E36E00111E23 /* UIWebViewSpec+Spec.m */ = {isa = PBXFileReference; fileEncoding = 4; lastKnownFileType = sourcecode.c.objc; path = "UIWebViewSpec+Spec.m"; sourceTree = "<group>"; };
		669722AC125851D700696CAC /* PCKParserDelegate.h */ = {isa = PBXFileReference; fileEncoding = 4; lastKnownFileType = sourcecode.c.h; path = PCKParserDelegate.h; sourceTree = "<group>"; };
		6697275712599D1100696CAC /* PCKHTTPConnectionOperation.h */ = {isa = PBXFileReference; fileEncoding = 4; lastKnownFileType = sourcecode.c.h; path = PCKHTTPConnectionOperation.h; sourceTree = "<group>"; };
		6697275812599D1100696CAC /* PCKHTTPConnectionOperation.m */ = {isa = PBXFileReference; fileEncoding = 4; lastKnownFileType = sourcecode.c.objc; path = PCKHTTPConnectionOperation.m; sourceTree = "<group>"; };
		6697275D12599F5500696CAC /* PCKHTTPConnection.h */ = {isa = PBXFileReference; fileEncoding = 4; lastKnownFileType = sourcecode.c.h; path = PCKHTTPConnection.h; sourceTree = "<group>"; };
		6697275E12599F5500696CAC /* PCKHTTPConnection.m */ = {isa = PBXFileReference; fileEncoding = 4; lastKnownFileType = sourcecode.c.objc; path = PCKHTTPConnection.m; sourceTree = "<group>"; };
		6697277C1259A0CE00696CAC /* PCKHTTPConnectionSpec.m */ = {isa = PBXFileReference; fileEncoding = 4; lastKnownFileType = sourcecode.c.objc; path = PCKHTTPConnectionSpec.m; sourceTree = "<group>"; };
		669727971259A31900696CAC /* PCKHTTPConnectionOperationSpec.m */ = {isa = PBXFileReference; fileEncoding = 4; lastKnownFileType = sourcecode.c.objc; path = PCKHTTPConnectionOperationSpec.m; sourceTree = "<group>"; };
		669728391260FF9400696CAC /* FakeConnectionDelegate.h */ = {isa = PBXFileReference; fileEncoding = 4; lastKnownFileType = sourcecode.c.h; path = FakeConnectionDelegate.h; sourceTree = "<group>"; };
		6697283A1260FF9400696CAC /* FakeConnectionDelegate.m */ = {isa = PBXFileReference; fileEncoding = 4; lastKnownFileType = sourcecode.c.objc; path = FakeConnectionDelegate.m; sourceTree = "<group>"; };
		66C4D697123DA5CB00CF9746 /* PCKXMLParserDelegate.h */ = {isa = PBXFileReference; fileEncoding = 4; lastKnownFileType = sourcecode.c.h; path = PCKXMLParserDelegate.h; sourceTree = "<group>"; };
		66C4D698123DA5CB00CF9746 /* PCKXMLParserDelegate.m */ = {isa = PBXFileReference; fileEncoding = 4; lastKnownFileType = sourcecode.c.objc; path = PCKXMLParserDelegate.m; sourceTree = "<group>"; };
		AE138A3911E3FEB6004E825D /* OCHamcrest.xcodeproj */ = {isa = PBXFileReference; lastKnownFileType = "wrapper.pb-project"; name = OCHamcrest.xcodeproj; path = OCHamcrest/Source/OCHamcrest.xcodeproj; sourceTree = "<group>"; };
		AE138A6E11E3FFC7004E825D /* OCMock.xcodeproj */ = {isa = PBXFileReference; lastKnownFileType = "wrapper.pb-project"; name = OCMock.xcodeproj; path = OCMock/Source/OCMock.xcodeproj; sourceTree = "<group>"; };
		AE138A8011E3FFD6004E825D /* Cedar.xcodeproj */ = {isa = PBXFileReference; lastKnownFileType = "wrapper.pb-project"; name = Cedar.xcodeproj; path = Cedar/Cedar.xcodeproj; sourceTree = "<group>"; };
		AE138AEA11E40674004E825D /* Rakefile */ = {isa = PBXFileReference; fileEncoding = 4; lastKnownFileType = text; path = Rakefile; sourceTree = "<group>"; };
		AE138E7011E542BF004E825D /* libPivotalCoreKit-StaticLib.a */ = {isa = PBXFileReference; explicitFileType = archive.ar; includeInIndex = 0; path = "libPivotalCoreKit-StaticLib.a"; sourceTree = BUILT_PRODUCTS_DIR; };
		AE138F4611E548B5004E825D /* libPivotalSpecHelperKit-StaticLib.a */ = {isa = PBXFileReference; explicitFileType = archive.ar; includeInIndex = 0; path = "libPivotalSpecHelperKit-StaticLib.a"; sourceTree = BUILT_PRODUCTS_DIR; };
		AE13904911E5508A004E825D /* PivotalSpecHelperKit.h */ = {isa = PBXFileReference; fileEncoding = 4; lastKnownFileType = sourcecode.c.h; path = PivotalSpecHelperKit.h; sourceTree = "<group>"; };
		AE1392FF11E64E05004E825D /* NSXMLParserDelegate.h */ = {isa = PBXFileReference; fileEncoding = 4; lastKnownFileType = sourcecode.c.h; path = NSXMLParserDelegate.h; sourceTree = "<group>"; };
		AE2BDAA21202257A001DD8D3 /* README.markdown */ = {isa = PBXFileReference; fileEncoding = 4; lastKnownFileType = text; path = README.markdown; sourceTree = "<group>"; };
		AE3BA38011C9381400F34485 /* BUILD-TARGETS.markdown */ = {isa = PBXFileReference; fileEncoding = 4; lastKnownFileType = text; path = "BUILD-TARGETS.markdown"; sourceTree = "<group>"; };
		AE515E0D123AA778004B2CEB /* PivotalCoreKit.h */ = {isa = PBXFileReference; fileEncoding = 4; lastKnownFileType = sourcecode.c.h; path = PivotalCoreKit.h; sourceTree = "<group>"; };
		AE71473311CA9A2900672114 /* 400.txt */ = {isa = PBXFileReference; fileEncoding = 4; lastKnownFileType = text; path = 400.txt; sourceTree = "<group>"; };
		AE71481811CAAD4F00672114 /* NSString+PivotalCore.h */ = {isa = PBXFileReference; fileEncoding = 4; lastKnownFileType = sourcecode.c.h; path = "NSString+PivotalCore.h"; sourceTree = "<group>"; };
		AE71481911CAAD4F00672114 /* NSString+PivotalCore.m */ = {isa = PBXFileReference; fileEncoding = 4; lastKnownFileType = sourcecode.c.objc; path = "NSString+PivotalCore.m"; sourceTree = "<group>"; };
		AE71481D11CAAE1600672114 /* NSStringSpec+PivotalCore.m */ = {isa = PBXFileReference; fileEncoding = 4; lastKnownFileType = sourcecode.c.objc; path = "NSStringSpec+PivotalCore.m"; sourceTree = "<group>"; };
		AE71490111CBFDD900672114 /* NSData+PivotalCore.h */ = {isa = PBXFileReference; fileEncoding = 4; lastKnownFileType = sourcecode.c.h; path = "NSData+PivotalCore.h"; sourceTree = "<group>"; };
		AE71490211CBFDD900672114 /* NSData+PivotalCore.m */ = {isa = PBXFileReference; fileEncoding = 4; lastKnownFileType = sourcecode.c.objc; path = "NSData+PivotalCore.m"; sourceTree = "<group>"; };
		AE71490411CBFE1800672114 /* NSDataSpec+PivotalCore.m */ = {isa = PBXFileReference; fileEncoding = 4; lastKnownFileType = sourcecode.c.objc; path = "NSDataSpec+PivotalCore.m"; sourceTree = "<group>"; };
		AE88AF7A11DE6BE000B65DD3 /* PCKXMLParser.h */ = {isa = PBXFileReference; fileEncoding = 4; lastKnownFileType = sourcecode.c.h; path = PCKXMLParser.h; sourceTree = "<group>"; };
		AE88AF7B11DE6BE000B65DD3 /* PCKXMLParser.m */ = {isa = PBXFileReference; fileEncoding = 4; lastKnownFileType = sourcecode.c.objc; path = PCKXMLParser.m; sourceTree = "<group>"; };
		AE88B00711DE6D1200B65DD3 /* libxml2.dylib */ = {isa = PBXFileReference; lastKnownFileType = "compiled.mach-o.dylib"; name = libxml2.dylib; path = usr/lib/libxml2.dylib; sourceTree = SDKROOT; };
		AE91CACB11DE69EE002BA6B9 /* PCKXMLParserSpec.m */ = {isa = PBXFileReference; fileEncoding = 4; lastKnownFileType = sourcecode.c.objc; path = PCKXMLParserSpec.m; sourceTree = "<group>"; };
		AEBD9594120CB852003C1C5B /* PCKResponseParser.h */ = {isa = PBXFileReference; fileEncoding = 4; lastKnownFileType = sourcecode.c.h; path = PCKResponseParser.h; sourceTree = "<group>"; };
		AEBD9595120CB852003C1C5B /* PCKResponseParser.m */ = {isa = PBXFileReference; fileEncoding = 4; lastKnownFileType = sourcecode.c.objc; path = PCKResponseParser.m; sourceTree = "<group>"; };
		AEBD959F120CB8AA003C1C5B /* PCKResponseParserSpec.m */ = {isa = PBXFileReference; fileEncoding = 4; lastKnownFileType = sourcecode.c.objc; path = PCKResponseParserSpec.m; sourceTree = "<group>"; };
		AEBD95A9120CBAF6003C1C5B /* PCKParser.h */ = {isa = PBXFileReference; fileEncoding = 4; lastKnownFileType = sourcecode.c.h; path = PCKParser.h; sourceTree = "<group>"; };
		AECC4BAA11C6E0C00027AB1B /* PCKHTTPInterfaceSpec.m */ = {isa = PBXFileReference; fileEncoding = 4; lastKnownFileType = sourcecode.c.objc; path = PCKHTTPInterfaceSpec.m; sourceTree = "<group>"; };
		AECC4BAD11C6E1640027AB1B /* main.m */ = {isa = PBXFileReference; fileEncoding = 4; lastKnownFileType = sourcecode.c.objc; path = main.m; sourceTree = "<group>"; };
		AECC4BBA11C6E2280027AB1B /* Spec */ = {isa = PBXFileReference; explicitFileType = "compiled.mach-o.executable"; includeInIndex = 0; path = Spec; sourceTree = BUILT_PRODUCTS_DIR; };
		AECC4BF411C6E38D0027AB1B /* PCKHTTPInterface.h */ = {isa = PBXFileReference; fileEncoding = 4; lastKnownFileType = sourcecode.c.h; path = PCKHTTPInterface.h; sourceTree = "<group>"; };
		AECC4BF511C6E38D0027AB1B /* PCKHTTPInterface.m */ = {isa = PBXFileReference; fileEncoding = 4; lastKnownFileType = sourcecode.c.objc; path = PCKHTTPInterface.m; sourceTree = "<group>"; };
		AEE6908C1202523700769ADC /* PSHKFixtures.h */ = {isa = PBXFileReference; fileEncoding = 4; lastKnownFileType = sourcecode.c.h; path = PSHKFixtures.h; sourceTree = "<group>"; };
		AEE6908D1202523700769ADC /* PSHKFixtures.m */ = {isa = PBXFileReference; fileEncoding = 4; lastKnownFileType = sourcecode.c.objc; path = PSHKFixtures.m; sourceTree = "<group>"; };
		AEE690FD1202584C00769ADC /* SpecHelper.m */ = {isa = PBXFileReference; fileEncoding = 4; lastKnownFileType = sourcecode.c.objc; path = SpecHelper.m; sourceTree = "<group>"; };
		AEF15A1E11C97864005B4F92 /* NSURLConnection+Spec.h */ = {isa = PBXFileReference; fileEncoding = 4; lastKnownFileType = sourcecode.c.h; path = "NSURLConnection+Spec.h"; sourceTree = "<group>"; };
		AEF15A1F11C97864005B4F92 /* NSURLConnection+Spec.m */ = {isa = PBXFileReference; fileEncoding = 4; lastKnownFileType = sourcecode.c.objc; path = "NSURLConnection+Spec.m"; sourceTree = "<group>"; };
		AEF15AC511C97E8B005B4F92 /* PivotalCoreKit.framework */ = {isa = PBXFileReference; explicitFileType = wrapper.framework; includeInIndex = 0; path = PivotalCoreKit.framework; sourceTree = BUILT_PRODUCTS_DIR; };
		AEF15AC711C97E8B005B4F92 /* PivotalCoreKit-Info.plist */ = {isa = PBXFileReference; lastKnownFileType = text.plist.xml; path = "PivotalCoreKit-Info.plist"; sourceTree = "<group>"; };
		AEF15AE011C97F15005B4F92 /* PivotalSpecHelperKit.framework */ = {isa = PBXFileReference; explicitFileType = wrapper.framework; includeInIndex = 0; path = PivotalSpecHelperKit.framework; sourceTree = BUILT_PRODUCTS_DIR; };
		AEF15AE111C97F15005B4F92 /* PivotalSpecHelperKit-Info.plist */ = {isa = PBXFileReference; lastKnownFileType = text.plist.xml; path = "PivotalSpecHelperKit-Info.plist"; sourceTree = "<group>"; };
		AEF15AF811C97F95005B4F92 /* PSHKFakeHTTPURLResponse.h */ = {isa = PBXFileReference; fileEncoding = 4; lastKnownFileType = sourcecode.c.h; path = PSHKFakeHTTPURLResponse.h; sourceTree = "<group>"; };
		AEF15AF911C97F95005B4F92 /* PSHKFakeHTTPURLResponse.m */ = {isa = PBXFileReference; fileEncoding = 4; lastKnownFileType = sourcecode.c.objc; path = PSHKFakeHTTPURLResponse.m; sourceTree = "<group>"; };
		AEF15AFE11C97FF9005B4F92 /* NSURLConnectionDelegate.h */ = {isa = PBXFileReference; fileEncoding = 4; lastKnownFileType = sourcecode.c.h; path = NSURLConnectionDelegate.h; sourceTree = "<group>"; };
		AEF15B4311C984EB005B4F92 /* PSHKFakeResponses.h */ = {isa = PBXFileReference; fileEncoding = 4; lastKnownFileType = sourcecode.c.h; path = PSHKFakeResponses.h; sourceTree = "<group>"; };
		AEF15B4411C984EB005B4F92 /* PSHKFakeResponses.m */ = {isa = PBXFileReference; fileEncoding = 4; lastKnownFileType = sourcecode.c.objc; path = PSHKFakeResponses.m; sourceTree = "<group>"; };
		AEF15C0B11C99AFE005B4F92 /* 200.txt */ = {isa = PBXFileReference; fileEncoding = 4; lastKnownFileType = text; path = 200.txt; sourceTree = "<group>"; };
/* End PBXFileReference section */

/* Begin PBXFrameworksBuildPhase section */
		6696DFC01266DE6C00111E23 /* Frameworks */ = {
			isa = PBXFrameworksBuildPhase;
			buildActionMask = 2147483647;
			files = (
				6696DFC81266DE8500111E23 /* libCedar-StaticLib.a in Frameworks */,
				6696DFC91266DE8D00111E23 /* libOCMock-StaticLib.a in Frameworks */,
				6696DFCA1266DE9500111E23 /* libOCHamcrest-StaticLib.a in Frameworks */,
			);
			runOnlyForDeploymentPostprocessing = 0;
		};
		AE138E6E11E542BF004E825D /* Frameworks */ = {
			isa = PBXFrameworksBuildPhase;
			buildActionMask = 2147483647;
			files = (
			);
			runOnlyForDeploymentPostprocessing = 0;
		};
		AECC4BB811C6E2280027AB1B /* Frameworks */ = {
			isa = PBXFrameworksBuildPhase;
			buildActionMask = 2147483647;
			files = (
				AE138A5E11E3FF26004E825D /* OCHamcrest.framework in Frameworks */,
				AE138ACF11E400D2004E825D /* OCMock.framework in Frameworks */,
				AEF15ACF11C97EDE005B4F92 /* PivotalCoreKit.framework in Frameworks */,
				AEF15B0911C98072005B4F92 /* PivotalSpecHelperKit.framework in Frameworks */,
				AE138CB811E4F504004E825D /* Cedar.framework in Frameworks */,
			);
			runOnlyForDeploymentPostprocessing = 0;
		};
		AEF15AC311C97E8B005B4F92 /* Frameworks */ = {
			isa = PBXFrameworksBuildPhase;
			buildActionMask = 2147483647;
			files = (
				AE88B00D11DE6D3600B65DD3 /* libxml2.dylib in Frameworks */,
			);
			runOnlyForDeploymentPostprocessing = 0;
		};
		AEF15ADE11C97F15005B4F92 /* Frameworks */ = {
			isa = PBXFrameworksBuildPhase;
			buildActionMask = 2147483647;
			files = (
			);
			runOnlyForDeploymentPostprocessing = 0;
		};
/* End PBXFrameworksBuildPhase section */

/* Begin PBXGroup section */
		034768DFFF38A50411DB9C8B /* Products */ = {
			isa = PBXGroup;
			children = (
				AECC4BBA11C6E2280027AB1B /* Spec */,
				AEF15AC511C97E8B005B4F92 /* PivotalCoreKit.framework */,
				AEF15AE011C97F15005B4F92 /* PivotalSpecHelperKit.framework */,
				AE138E7011E542BF004E825D /* libPivotalCoreKit-StaticLib.a */,
				AE138F4611E548B5004E825D /* libPivotalSpecHelperKit-StaticLib.a */,
				6696DFC21266DE6C00111E23 /* UISpec.app */,
			);
			name = Products;
			sourceTree = "<group>";
		};
		0867D691FE84028FC02AAC07 /* PivotalCoreKit */ = {
			isa = PBXGroup;
			children = (
				AECC4BA411C6DFF40027AB1B /* CoreLib */,
				AEF15A1511C97747005B4F92 /* SpecHelperLib */,
				AECC4BA711C6E0010027AB1B /* Spec */,
				0867D69AFE84028FC02AAC07 /* Frameworks */,
				AE138A3811E3FE88004E825D /* Externals */,
				034768DFFF38A50411DB9C8B /* Products */,
				AE3BA38011C9381400F34485 /* BUILD-TARGETS.markdown */,
				AEF15AC711C97E8B005B4F92 /* PivotalCoreKit-Info.plist */,
				AEF15AE111C97F15005B4F92 /* PivotalSpecHelperKit-Info.plist */,
				AE138AEA11E40674004E825D /* Rakefile */,
				AE2BDAA21202257A001DD8D3 /* README.markdown */,
				6696DFC41266DE6C00111E23 /* UISpec-Info.plist */,
			);
			name = PivotalCoreKit;
			sourceTree = "<group>";
		};
		0867D69AFE84028FC02AAC07 /* Frameworks */ = {
			isa = PBXGroup;
			children = (
				0867D69BFE84028FC02AAC07 /* Foundation.framework */,
				AE88B00711DE6D1200B65DD3 /* libxml2.dylib */,
			);
			name = Frameworks;
			sourceTree = "<group>";
		};
		6696DFE71266DF7300111E23 /* UI */ = {
			isa = PBXGroup;
			children = (
				6696E0301266E33800111E23 /* Extensions */,
				6696E0001266E09800111E23 /* main.m */,
			);
			path = UI;
			sourceTree = "<group>";
		};
		6696DFE81266DF7A00111E23 /* Domain */ = {
			isa = PBXGroup;
			children = (
				AEBD9314120C7DAA003C1C5B /* Parsers */,
				AE71481C11CAADDE00672114 /* Extensions */,
				AECC4BA811C6E0480027AB1B /* Interfaces */,
				AECC4BAD11C6E1640027AB1B /* main.m */,
			);
			path = Domain;
			sourceTree = "<group>";
		};
		6696E0301266E33800111E23 /* Extensions */ = {
			isa = PBXGroup;
			children = (
				6696E0311266E36E00111E23 /* UIWebViewSpec+Spec.m */,
			);
			name = Extensions;
			sourceTree = "<group>";
		};
		AE138A3811E3FE88004E825D /* Externals */ = {
			isa = PBXGroup;
			children = (
				AE138A8011E3FFD6004E825D /* Cedar.xcodeproj */,
				AE138A6E11E3FFC7004E825D /* OCMock.xcodeproj */,
				AE138A3911E3FEB6004E825D /* OCHamcrest.xcodeproj */,
			);
			path = Externals;
			sourceTree = "<group>";
		};
		AE138A3A11E3FEB6004E825D /* Products */ = {
			isa = PBXGroup;
			children = (
				AE138A4411E3FEB6004E825D /* OCHamcrest.framework */,
				AE138A4611E3FEB6004E825D /* libOCHamcrest-StaticLib.a */,
				AE138A4811E3FEB6004E825D /* UnitTests.octest */,
			);
			name = Products;
			sourceTree = "<group>";
		};
		AE138A6F11E3FFC7004E825D /* Products */ = {
			isa = PBXGroup;
			children = (
				AE138A7911E3FFC7004E825D /* OCMock.framework */,
				AE138A7B11E3FFC7004E825D /* OCMockTests.octest */,
				AE138A7D11E3FFC7004E825D /* libOCMock-StaticLib.a */,
			);
			name = Products;
			sourceTree = "<group>";
		};
		AE138A8111E3FFD6004E825D /* Products */ = {
			isa = PBXGroup;
			children = (
				AE138A9011E3FFD6004E825D /* Cedar.framework */,
				AE138A9211E3FFD6004E825D /* Specs */,
				AE138A9411E3FFD6004E825D /* libCedar-StaticLib.a */,
				AE138A9611E3FFD6004E825D /* iPhoneSpecs.app */,
			);
			name = Products;
			sourceTree = "<group>";
		};
		AE7147F711CAAB7600672114 /* Extensions */ = {
			isa = PBXGroup;
			children = (
				AE71481811CAAD4F00672114 /* NSString+PivotalCore.h */,
				AE71481911CAAD4F00672114 /* NSString+PivotalCore.m */,
				AE71490111CBFDD900672114 /* NSData+PivotalCore.h */,
				AE71490211CBFDD900672114 /* NSData+PivotalCore.m */,
				AE1392FF11E64E05004E825D /* NSXMLParserDelegate.h */,
			);
			path = Extensions;
			sourceTree = "<group>";
		};
		AE71481C11CAADDE00672114 /* Extensions */ = {
			isa = PBXGroup;
			children = (
				AE71481D11CAAE1600672114 /* NSStringSpec+PivotalCore.m */,
				AE71490411CBFE1800672114 /* NSDataSpec+PivotalCore.m */,
			);
			path = Extensions;
			sourceTree = "<group>";
		};
		AEBD930A120C7D5E003C1C5B /* Parsers */ = {
			isa = PBXGroup;
			children = (
				AEBD95A9120CBAF6003C1C5B /* PCKParser.h */,
				669722AC125851D700696CAC /* PCKParserDelegate.h */,
				AE88AF7A11DE6BE000B65DD3 /* PCKXMLParser.h */,
				AE88AF7B11DE6BE000B65DD3 /* PCKXMLParser.m */,
				66C4D697123DA5CB00CF9746 /* PCKXMLParserDelegate.h */,
				66C4D698123DA5CB00CF9746 /* PCKXMLParserDelegate.m */,
				AEBD9594120CB852003C1C5B /* PCKResponseParser.h */,
				AEBD9595120CB852003C1C5B /* PCKResponseParser.m */,
			);
			path = Parsers;
			sourceTree = "<group>";
		};
		AEBD9314120C7DAA003C1C5B /* Parsers */ = {
			isa = PBXGroup;
			children = (
				AE91CACB11DE69EE002BA6B9 /* PCKXMLParserSpec.m */,
				AEBD959F120CB8AA003C1C5B /* PCKResponseParserSpec.m */,
			);
			path = Parsers;
			sourceTree = "<group>";
		};
		AECC4BA411C6DFF40027AB1B /* CoreLib */ = {
			isa = PBXGroup;
			children = (
				AEBD930A120C7D5E003C1C5B /* Parsers */,
				AE7147F711CAAB7600672114 /* Extensions */,
				AECC4BF311C6E3660027AB1B /* Interfaces */,
				AE515E0D123AA778004B2CEB /* PivotalCoreKit.h */,
			);
			path = CoreLib;
			sourceTree = "<group>";
		};
		AECC4BA711C6E0010027AB1B /* Spec */ = {
			isa = PBXGroup;
			children = (
				6696DFE81266DF7A00111E23 /* Domain */,
				6696DFE71266DF7300111E23 /* UI */,
				AEF15C0811C99A58005B4F92 /* Fixtures */,
				AEE690FD1202584C00769ADC /* SpecHelper.m */,
			);
			path = Spec;
			sourceTree = "<group>";
		};
		AECC4BA811C6E0480027AB1B /* Interfaces */ = {
			isa = PBXGroup;
			children = (
				AECC4BAA11C6E0C00027AB1B /* PCKHTTPInterfaceSpec.m */,
				6697277C1259A0CE00696CAC /* PCKHTTPConnectionSpec.m */,
				669727971259A31900696CAC /* PCKHTTPConnectionOperationSpec.m */,
			);
			path = Interfaces;
			sourceTree = "<group>";
		};
		AECC4BF311C6E3660027AB1B /* Interfaces */ = {
			isa = PBXGroup;
			children = (
				AEF15AFE11C97FF9005B4F92 /* NSURLConnectionDelegate.h */,
				AECC4BF411C6E38D0027AB1B /* PCKHTTPInterface.h */,
				AECC4BF511C6E38D0027AB1B /* PCKHTTPInterface.m */,
				6697275D12599F5500696CAC /* PCKHTTPConnection.h */,
				6697275E12599F5500696CAC /* PCKHTTPConnection.m */,
				6697275712599D1100696CAC /* PCKHTTPConnectionOperation.h */,
				6697275812599D1100696CAC /* PCKHTTPConnectionOperation.m */,
			);
			path = Interfaces;
			sourceTree = "<group>";
		};
		AEE690851202520500769ADC /* Fixtures */ = {
			isa = PBXGroup;
			children = (
				AEE6908C1202523700769ADC /* PSHKFixtures.h */,
				AEE6908D1202523700769ADC /* PSHKFixtures.m */,
			);
			path = Fixtures;
			sourceTree = "<group>";
		};
		AEF15A1511C97747005B4F92 /* SpecHelperLib */ = {
			isa = PBXGroup;
			children = (
				AEF15AF711C97F68005B4F92 /* Fakes */,
				AEE690851202520500769ADC /* Fixtures */,
				AEF15A1D11C97814005B4F92 /* Extensions */,
				AE13904911E5508A004E825D /* PivotalSpecHelperKit.h */,
			);
			path = SpecHelperLib;
			sourceTree = "<group>";
		};
		AEF15A1D11C97814005B4F92 /* Extensions */ = {
			isa = PBXGroup;
			children = (
				AEF15A1E11C97864005B4F92 /* NSURLConnection+Spec.h */,
				AEF15A1F11C97864005B4F92 /* NSURLConnection+Spec.m */,
				6696DFB71266DE5800111E23 /* UIWebView+Spec.h */,
				6696DFB81266DE5800111E23 /* UIWebView+Spec.m */,
			);
			path = Extensions;
			sourceTree = "<group>";
		};
		AEF15AF711C97F68005B4F92 /* Fakes */ = {
			isa = PBXGroup;
			children = (
				AEF15B4311C984EB005B4F92 /* PSHKFakeResponses.h */,
				AEF15B4411C984EB005B4F92 /* PSHKFakeResponses.m */,
				AEF15AF811C97F95005B4F92 /* PSHKFakeHTTPURLResponse.h */,
				AEF15AF911C97F95005B4F92 /* PSHKFakeHTTPURLResponse.m */,
			);
			path = Fakes;
			sourceTree = "<group>";
		};
		AEF15C0811C99A58005B4F92 /* Fixtures */ = {
			isa = PBXGroup;
			children = (
				AEF15C0911C99A87005B4F92 /* FakeResponses */,
				669728391260FF9400696CAC /* FakeConnectionDelegate.h */,
				6697283A1260FF9400696CAC /* FakeConnectionDelegate.m */,
			);
			path = Fixtures;
			sourceTree = "<group>";
		};
		AEF15C0911C99A87005B4F92 /* FakeResponses */ = {
			isa = PBXGroup;
			children = (
				AEF15C0A11C99AD9005B4F92 /* HelloWorld */,
			);
			path = FakeResponses;
			sourceTree = "<group>";
		};
		AEF15C0A11C99AD9005B4F92 /* HelloWorld */ = {
			isa = PBXGroup;
			children = (
				AEF15C0B11C99AFE005B4F92 /* 200.txt */,
				AE71473311CA9A2900672114 /* 400.txt */,
			);
			path = HelloWorld;
			sourceTree = "<group>";
		};
/* End PBXGroup section */

/* Begin PBXHeadersBuildPhase section */
		AE138E6C11E542BF004E825D /* Headers */ = {
			isa = PBXHeadersBuildPhase;
			buildActionMask = 2147483647;
			files = (
				AE13930111E64E05004E825D /* NSXMLParserDelegate.h in Headers */,
				AEBD9597120CB852003C1C5B /* PCKResponseParser.h in Headers */,
				66C4D69B123DA5CB00CF9746 /* PCKXMLParserDelegate.h in Headers */,
				669722AD125851D700696CAC /* PCKParserDelegate.h in Headers */,
				6697275B12599D1100696CAC /* PCKHTTPConnectionOperation.h in Headers */,
				6697276112599F5500696CAC /* PCKHTTPConnection.h in Headers */,
			);
			runOnlyForDeploymentPostprocessing = 0;
		};
		AEF15AC011C97E8B005B4F92 /* Headers */ = {
			isa = PBXHeadersBuildPhase;
			buildActionMask = 2147483647;
			files = (
				AEF15ACC11C97EA9005B4F92 /* PCKHTTPInterface.h in Headers */,
				AEF15AFF11C97FF9005B4F92 /* NSURLConnectionDelegate.h in Headers */,
				AE71481A11CAAD4F00672114 /* NSString+PivotalCore.h in Headers */,
				AE71493011CC108700672114 /* NSData+PivotalCore.h in Headers */,
				AE88AF7C11DE6BE000B65DD3 /* PCKXMLParser.h in Headers */,
				AE13930011E64E05004E825D /* NSXMLParserDelegate.h in Headers */,
				AEBD9599120CB852003C1C5B /* PCKResponseParser.h in Headers */,
				AEBD95AA120CBB1B003C1C5B /* PCKParser.h in Headers */,
				AE515E0E123AA778004B2CEB /* PivotalCoreKit.h in Headers */,
				66C4D699123DA5CB00CF9746 /* PCKXMLParserDelegate.h in Headers */,
				669722AE125851D700696CAC /* PCKParserDelegate.h in Headers */,
				6697275912599D1100696CAC /* PCKHTTPConnectionOperation.h in Headers */,
				6697275F12599F5500696CAC /* PCKHTTPConnection.h in Headers */,
			);
			runOnlyForDeploymentPostprocessing = 0;
		};
		AEF15ADB11C97F15005B4F92 /* Headers */ = {
			isa = PBXHeadersBuildPhase;
			buildActionMask = 2147483647;
			files = (
				AEF15AF111C97F4C005B4F92 /* NSURLConnection+Spec.h in Headers */,
				AEF15AFA11C97F95005B4F92 /* PSHKFakeHTTPURLResponse.h in Headers */,
				AEF15B4511C984EB005B4F92 /* PSHKFakeResponses.h in Headers */,
				AE13904A11E5508A004E825D /* PivotalSpecHelperKit.h in Headers */,
				AEE6908E1202523700769ADC /* PSHKFixtures.h in Headers */,
			);
			runOnlyForDeploymentPostprocessing = 0;
		};
/* End PBXHeadersBuildPhase section */

/* Begin PBXNativeTarget section */
		6696DFC11266DE6C00111E23 /* UISpec */ = {
			isa = PBXNativeTarget;
			buildConfigurationList = 6696DFC71266DE6D00111E23 /* Build configuration list for PBXNativeTarget "UISpec" */;
			buildPhases = (
				6696DFBE1266DE6C00111E23 /* Resources */,
				6696DFBF1266DE6C00111E23 /* Sources */,
				6696DFC01266DE6C00111E23 /* Frameworks */,
			);
			buildRules = (
			);
			dependencies = (
				6696DFCC1266DEA700111E23 /* PBXTargetDependency */,
				6696DFCE1266DEAC00111E23 /* PBXTargetDependency */,
				6696DFD01266DEB100111E23 /* PBXTargetDependency */,
			);
			name = UISpec;
			productName = UISpec;
			productReference = 6696DFC21266DE6C00111E23 /* UISpec.app */;
			productType = "com.apple.product-type.application";
		};
		AE138E6F11E542BF004E825D /* PivotalCoreKit-StaticLib */ = {
			isa = PBXNativeTarget;
			buildConfigurationList = AE138E7311E542DD004E825D /* Build configuration list for PBXNativeTarget "PivotalCoreKit-StaticLib" */;
			buildPhases = (
				AE138E6C11E542BF004E825D /* Headers */,
				AE138E6D11E542BF004E825D /* Sources */,
				AE138E6E11E542BF004E825D /* Frameworks */,
			);
			buildRules = (
			);
			dependencies = (
			);
			name = "PivotalCoreKit-StaticLib";
			productName = "PivotalCoreKit-StaticLib";
			productReference = AE138E7011E542BF004E825D /* libPivotalCoreKit-StaticLib.a */;
			productType = "com.apple.product-type.library.static";
		};
		AE138F4511E548B5004E825D /* PivotalSpecHelperKit-StaticLib */ = {
			isa = PBXNativeTarget;
			buildConfigurationList = AE138F6211E548EB004E825D /* Build configuration list for PBXNativeTarget "PivotalSpecHelperKit-StaticLib" */;
			buildPhases = (
				AE138F4311E548B5004E825D /* Sources */,
			);
			buildRules = (
			);
			dependencies = (
			);
			name = "PivotalSpecHelperKit-StaticLib";
			productName = "PivotalSpecHelperKit-StaticLib";
			productReference = AE138F4611E548B5004E825D /* libPivotalSpecHelperKit-StaticLib.a */;
			productType = "com.apple.product-type.library.static";
		};
		AECC4BB911C6E2280027AB1B /* Spec */ = {
			isa = PBXNativeTarget;
			buildConfigurationList = AECC4BE011C6E2D50027AB1B /* Build configuration list for PBXNativeTarget "Spec" */;
			buildPhases = (
				AECC4BDF11C6E2D50027AB1B /* Copy Frameworks */,
				AECC4BB711C6E2280027AB1B /* Sources */,
				AECC4BB811C6E2280027AB1B /* Frameworks */,
			);
			buildRules = (
			);
			dependencies = (
				AEF15ACE11C97ED1005B4F92 /* PBXTargetDependency */,
				AEF15B1511C9809B005B4F92 /* PBXTargetDependency */,
				AE138A4E11E3FF07004E825D /* PBXTargetDependency */,
				AE138A9C11E3FFE2004E825D /* PBXTargetDependency */,
				AE138A9E11E3FFE5004E825D /* PBXTargetDependency */,
			);
			name = Spec;
			productName = Spec;
			productReference = AECC4BBA11C6E2280027AB1B /* Spec */;
			productType = "com.apple.product-type.tool";
		};
		AEF15AC411C97E8B005B4F92 /* PivotalCoreKit */ = {
			isa = PBXNativeTarget;
			buildConfigurationList = AEF15ACA11C97E8B005B4F92 /* Build configuration list for PBXNativeTarget "PivotalCoreKit" */;
			buildPhases = (
				AEF15AC011C97E8B005B4F92 /* Headers */,
				AEF15AC111C97E8B005B4F92 /* Resources */,
				AEF15AC211C97E8B005B4F92 /* Sources */,
				AEF15AC311C97E8B005B4F92 /* Frameworks */,
			);
			buildRules = (
			);
			dependencies = (
			);
			name = PivotalCoreKit;
			productName = PivotalCoreKit;
			productReference = AEF15AC511C97E8B005B4F92 /* PivotalCoreKit.framework */;
			productType = "com.apple.product-type.framework";
		};
		AEF15ADF11C97F15005B4F92 /* PivotalSpecHelperKit */ = {
			isa = PBXNativeTarget;
			buildConfigurationList = AEF15AE411C97F16005B4F92 /* Build configuration list for PBXNativeTarget "PivotalSpecHelperKit" */;
			buildPhases = (
				AEF15ADB11C97F15005B4F92 /* Headers */,
				AEF15ADC11C97F15005B4F92 /* Resources */,
				AEF15ADD11C97F15005B4F92 /* Sources */,
				AEF15ADE11C97F15005B4F92 /* Frameworks */,
			);
			buildRules = (
			);
			dependencies = (
			);
			name = PivotalSpecHelperKit;
			productName = PivotalSpecHelperKit;
			productReference = AEF15AE011C97F15005B4F92 /* PivotalSpecHelperKit.framework */;
			productType = "com.apple.product-type.framework";
		};
/* End PBXNativeTarget section */

/* Begin PBXProject section */
		0867D690FE84028FC02AAC07 /* Project object */ = {
			isa = PBXProject;
			buildConfigurationList = 1DEB922208733DC00010E9CD /* Build configuration list for PBXProject "PivotalCoreKit" */;
			compatibilityVersion = "Xcode 3.1";
			developmentRegion = English;
			hasScannedForEncodings = 1;
			knownRegions = (
				English,
				Japanese,
				French,
				German,
			);
			mainGroup = 0867D691FE84028FC02AAC07 /* PivotalCoreKit */;
			productRefGroup = 034768DFFF38A50411DB9C8B /* Products */;
			projectDirPath = "";
			projectReferences = (
				{
					ProductGroup = AE138A8111E3FFD6004E825D /* Products */;
					ProjectRef = AE138A8011E3FFD6004E825D /* Cedar.xcodeproj */;
				},
				{
					ProductGroup = AE138A3A11E3FEB6004E825D /* Products */;
					ProjectRef = AE138A3911E3FEB6004E825D /* OCHamcrest.xcodeproj */;
				},
				{
					ProductGroup = AE138A6F11E3FFC7004E825D /* Products */;
					ProjectRef = AE138A6E11E3FFC7004E825D /* OCMock.xcodeproj */;
				},
			);
			projectRoot = "";
			targets = (
				AEF15AC411C97E8B005B4F92 /* PivotalCoreKit */,
				AEF15ADF11C97F15005B4F92 /* PivotalSpecHelperKit */,
				AECC4BB911C6E2280027AB1B /* Spec */,
				AE138E6F11E542BF004E825D /* PivotalCoreKit-StaticLib */,
				AE138F4511E548B5004E825D /* PivotalSpecHelperKit-StaticLib */,
				6696DFC11266DE6C00111E23 /* UISpec */,
			);
		};
/* End PBXProject section */

/* Begin PBXReferenceProxy section */
		AE138A4411E3FEB6004E825D /* OCHamcrest.framework */ = {
			isa = PBXReferenceProxy;
			fileType = wrapper.framework;
			path = OCHamcrest.framework;
			remoteRef = AE138A4311E3FEB6004E825D /* PBXContainerItemProxy */;
			sourceTree = BUILT_PRODUCTS_DIR;
		};
		AE138A4611E3FEB6004E825D /* libOCHamcrest-StaticLib.a */ = {
			isa = PBXReferenceProxy;
			fileType = archive.ar;
			path = "libOCHamcrest-StaticLib.a";
			remoteRef = AE138A4511E3FEB6004E825D /* PBXContainerItemProxy */;
			sourceTree = BUILT_PRODUCTS_DIR;
		};
		AE138A4811E3FEB6004E825D /* UnitTests.octest */ = {
			isa = PBXReferenceProxy;
			fileType = wrapper.cfbundle;
			path = UnitTests.octest;
			remoteRef = AE138A4711E3FEB6004E825D /* PBXContainerItemProxy */;
			sourceTree = BUILT_PRODUCTS_DIR;
		};
		AE138A7911E3FFC7004E825D /* OCMock.framework */ = {
			isa = PBXReferenceProxy;
			fileType = wrapper.framework;
			path = OCMock.framework;
			remoteRef = AE138A7811E3FFC7004E825D /* PBXContainerItemProxy */;
			sourceTree = BUILT_PRODUCTS_DIR;
		};
		AE138A7B11E3FFC7004E825D /* OCMockTests.octest */ = {
			isa = PBXReferenceProxy;
			fileType = wrapper.cfbundle;
			path = OCMockTests.octest;
			remoteRef = AE138A7A11E3FFC7004E825D /* PBXContainerItemProxy */;
			sourceTree = BUILT_PRODUCTS_DIR;
		};
		AE138A7D11E3FFC7004E825D /* libOCMock-StaticLib.a */ = {
			isa = PBXReferenceProxy;
			fileType = archive.ar;
			path = "libOCMock-StaticLib.a";
			remoteRef = AE138A7C11E3FFC7004E825D /* PBXContainerItemProxy */;
			sourceTree = BUILT_PRODUCTS_DIR;
		};
		AE138A9011E3FFD6004E825D /* Cedar.framework */ = {
			isa = PBXReferenceProxy;
			fileType = wrapper.framework;
			path = Cedar.framework;
			remoteRef = AE138A8F11E3FFD6004E825D /* PBXContainerItemProxy */;
			sourceTree = BUILT_PRODUCTS_DIR;
		};
		AE138A9211E3FFD6004E825D /* Specs */ = {
			isa = PBXReferenceProxy;
			fileType = "compiled.mach-o.executable";
			path = Specs;
			remoteRef = AE138A9111E3FFD6004E825D /* PBXContainerItemProxy */;
			sourceTree = BUILT_PRODUCTS_DIR;
		};
		AE138A9411E3FFD6004E825D /* libCedar-StaticLib.a */ = {
			isa = PBXReferenceProxy;
			fileType = archive.ar;
			path = "libCedar-StaticLib.a";
			remoteRef = AE138A9311E3FFD6004E825D /* PBXContainerItemProxy */;
			sourceTree = BUILT_PRODUCTS_DIR;
		};
		AE138A9611E3FFD6004E825D /* iPhoneSpecs.app */ = {
			isa = PBXReferenceProxy;
			fileType = wrapper.application;
			path = iPhoneSpecs.app;
			remoteRef = AE138A9511E3FFD6004E825D /* PBXContainerItemProxy */;
			sourceTree = BUILT_PRODUCTS_DIR;
		};
/* End PBXReferenceProxy section */

/* Begin PBXResourcesBuildPhase section */
		6696DFBE1266DE6C00111E23 /* Resources */ = {
			isa = PBXResourcesBuildPhase;
			buildActionMask = 2147483647;
			files = (
			);
			runOnlyForDeploymentPostprocessing = 0;
		};
		AEF15AC111C97E8B005B4F92 /* Resources */ = {
			isa = PBXResourcesBuildPhase;
			buildActionMask = 2147483647;
			files = (
			);
			runOnlyForDeploymentPostprocessing = 0;
		};
		AEF15ADC11C97F15005B4F92 /* Resources */ = {
			isa = PBXResourcesBuildPhase;
			buildActionMask = 2147483647;
			files = (
			);
			runOnlyForDeploymentPostprocessing = 0;
		};
/* End PBXResourcesBuildPhase section */

/* Begin PBXSourcesBuildPhase section */
		6696DFBF1266DE6C00111E23 /* Sources */ = {
			isa = PBXSourcesBuildPhase;
			buildActionMask = 2147483647;
			files = (
				6696E0011266E09800111E23 /* main.m in Sources */,
				6696E0321266E36E00111E23 /* UIWebViewSpec+Spec.m in Sources */,
				6696E04A1266E6B900111E23 /* UIWebView+Spec.m in Sources */,
			);
			runOnlyForDeploymentPostprocessing = 0;
		};
		AE138E6D11E542BF004E825D /* Sources */ = {
			isa = PBXSourcesBuildPhase;
			buildActionMask = 2147483647;
			files = (
				AE138E7411E542F1004E825D /* PCKHTTPInterface.m in Sources */,
				AE138E7511E542F1004E825D /* NSString+PivotalCore.m in Sources */,
				AE138E7611E542F1004E825D /* NSData+PivotalCore.m in Sources */,
				AE138E7711E542F1004E825D /* PCKXMLParser.m in Sources */,
				AEBD9598120CB852003C1C5B /* PCKResponseParser.m in Sources */,
				66C4D69C123DA5CB00CF9746 /* PCKXMLParserDelegate.m in Sources */,
				6697275C12599D1100696CAC /* PCKHTTPConnectionOperation.m in Sources */,
				6697276212599F5500696CAC /* PCKHTTPConnection.m in Sources */,
			);
			runOnlyForDeploymentPostprocessing = 0;
		};
		AE138F4311E548B5004E825D /* Sources */ = {
			isa = PBXSourcesBuildPhase;
			buildActionMask = 2147483647;
			files = (
				AE138F4911E548E1004E825D /* NSURLConnection+Spec.m in Sources */,
				AE138F4A11E548E1004E825D /* PSHKFakeHTTPURLResponse.m in Sources */,
				AE138F4B11E548E1004E825D /* PSHKFakeResponses.m in Sources */,
				AEE690911202523700769ADC /* PSHKFixtures.m in Sources */,
				6696DFB91266DE5800111E23 /* UIWebView+Spec.m in Sources */,
			);
			runOnlyForDeploymentPostprocessing = 0;
		};
		AECC4BB711C6E2280027AB1B /* Sources */ = {
			isa = PBXSourcesBuildPhase;
			buildActionMask = 2147483647;
			files = (
				AECC4BD611C6E27F0027AB1B /* PCKHTTPInterfaceSpec.m in Sources */,
				AECC4BEA11C6E3280027AB1B /* main.m in Sources */,
				AE71483211CAB2B500672114 /* NSStringSpec+PivotalCore.m in Sources */,
				AE71490511CBFE1800672114 /* NSDataSpec+PivotalCore.m in Sources */,
				AE91CACC11DE69EE002BA6B9 /* PCKXMLParserSpec.m in Sources */,
				AEE6913B12025A8000769ADC /* SpecHelper.m in Sources */,
				AEBD95A0120CB8AA003C1C5B /* PCKResponseParserSpec.m in Sources */,
				6697277D1259A0CE00696CAC /* PCKHTTPConnectionSpec.m in Sources */,
				669727981259A31900696CAC /* PCKHTTPConnectionOperationSpec.m in Sources */,
				6697283B1260FF9400696CAC /* FakeConnectionDelegate.m in Sources */,
			);
			runOnlyForDeploymentPostprocessing = 0;
		};
		AEF15AC211C97E8B005B4F92 /* Sources */ = {
			isa = PBXSourcesBuildPhase;
			buildActionMask = 2147483647;
			files = (
				AEF15ACB11C97EA4005B4F92 /* PCKHTTPInterface.m in Sources */,
				AE71481B11CAAD4F00672114 /* NSString+PivotalCore.m in Sources */,
				AE71490611CBFE2200672114 /* NSData+PivotalCore.m in Sources */,
				AE88AF7D11DE6BE000B65DD3 /* PCKXMLParser.m in Sources */,
				AEBD959A120CB852003C1C5B /* PCKResponseParser.m in Sources */,
				66C4D69A123DA5CB00CF9746 /* PCKXMLParserDelegate.m in Sources */,
				6697275A12599D1100696CAC /* PCKHTTPConnectionOperation.m in Sources */,
				6697276012599F5500696CAC /* PCKHTTPConnection.m in Sources */,
			);
			runOnlyForDeploymentPostprocessing = 0;
		};
		AEF15ADD11C97F15005B4F92 /* Sources */ = {
			isa = PBXSourcesBuildPhase;
			buildActionMask = 2147483647;
			files = (
				AEF15AF211C97F51005B4F92 /* NSURLConnection+Spec.m in Sources */,
				AEF15AFB11C97F95005B4F92 /* PSHKFakeHTTPURLResponse.m in Sources */,
				AEF15B4611C984EB005B4F92 /* PSHKFakeResponses.m in Sources */,
				AEE6908F1202523700769ADC /* PSHKFixtures.m in Sources */,
			);
			runOnlyForDeploymentPostprocessing = 0;
		};
/* End PBXSourcesBuildPhase section */

/* Begin PBXTargetDependency section */
		6696DFCC1266DEA700111E23 /* PBXTargetDependency */ = {
			isa = PBXTargetDependency;
			name = "Cedar-StaticLib";
			targetProxy = 6696DFCB1266DEA700111E23 /* PBXContainerItemProxy */;
		};
		6696DFCE1266DEAC00111E23 /* PBXTargetDependency */ = {
			isa = PBXTargetDependency;
			name = "OCHamcrest-StaticLib";
			targetProxy = 6696DFCD1266DEAC00111E23 /* PBXContainerItemProxy */;
		};
		6696DFD01266DEB100111E23 /* PBXTargetDependency */ = {
			isa = PBXTargetDependency;
			name = "OCMock-StaticLib";
			targetProxy = 6696DFCF1266DEB100111E23 /* PBXContainerItemProxy */;
		};
		AE138A4E11E3FF07004E825D /* PBXTargetDependency */ = {
			isa = PBXTargetDependency;
			name = OCHamcrest;
			targetProxy = AE138A4D11E3FF07004E825D /* PBXContainerItemProxy */;
		};
		AE138A9C11E3FFE2004E825D /* PBXTargetDependency */ = {
			isa = PBXTargetDependency;
			name = Cedar;
			targetProxy = AE138A9B11E3FFE2004E825D /* PBXContainerItemProxy */;
		};
		AE138A9E11E3FFE5004E825D /* PBXTargetDependency */ = {
			isa = PBXTargetDependency;
			name = OCMock;
			targetProxy = AE138A9D11E3FFE5004E825D /* PBXContainerItemProxy */;
		};
		AEF15ACE11C97ED1005B4F92 /* PBXTargetDependency */ = {
			isa = PBXTargetDependency;
			target = AEF15AC411C97E8B005B4F92 /* PivotalCoreKit */;
			targetProxy = AEF15ACD11C97ED1005B4F92 /* PBXContainerItemProxy */;
		};
		AEF15B1511C9809B005B4F92 /* PBXTargetDependency */ = {
			isa = PBXTargetDependency;
			target = AEF15ADF11C97F15005B4F92 /* PivotalSpecHelperKit */;
			targetProxy = AEF15B1411C9809B005B4F92 /* PBXContainerItemProxy */;
		};
/* End PBXTargetDependency section */

/* Begin XCBuildConfiguration section */
		1DEB922308733DC00010E9CD /* Debug */ = {
			isa = XCBuildConfiguration;
			buildSettings = {
				ARCHS = "$(ARCHS_STANDARD_32_64_BIT)";
				GCC_C_LANGUAGE_STANDARD = c99;
				GCC_OPTIMIZATION_LEVEL = 0;
				GCC_VERSION = com.apple.compilers.llvm.clang.1_0;
				GCC_WARN_ABOUT_RETURN_TYPE = YES;
				GCC_WARN_UNUSED_VARIABLE = YES;
				ONLY_ACTIVE_ARCH = YES;
				PREBINDING = NO;
				SDKROOT = macosx10.6;
			};
			name = Debug;
		};
		1DEB922408733DC00010E9CD /* Release */ = {
			isa = XCBuildConfiguration;
			buildSettings = {
				ARCHS = "$(ARCHS_STANDARD_32_64_BIT)";
				GCC_C_LANGUAGE_STANDARD = c99;
				GCC_VERSION = com.apple.compilers.llvm.clang.1_0;
				GCC_WARN_ABOUT_RETURN_TYPE = YES;
				GCC_WARN_UNUSED_VARIABLE = YES;
				ONLY_ACTIVE_ARCH = YES;
				PREBINDING = NO;
				SDKROOT = macosx10.6;
			};
			name = Release;
		};
		6696DFC51266DE6D00111E23 /* Debug */ = {
			isa = XCBuildConfiguration;
			buildSettings = {
				ALWAYS_SEARCH_USER_PATHS = NO;
				CODE_SIGN_IDENTITY = "iPhone Developer";
				COPY_PHASE_STRIP = NO;
				GCC_DYNAMIC_NO_PIC = NO;
				GCC_OPTIMIZATION_LEVEL = 0;
				GCC_PRECOMPILE_PREFIX_HEADER = YES;
				GCC_PREFIX_HEADER = "$(SYSTEM_LIBRARY_DIR)/Frameworks/UIKit.framework/Headers/UIKit.h";
				GCC_VERSION = com.apple.compilers.llvmgcc42;
				HEADER_SEARCH_PATHS = (
					"$SRCROOT/Externals/OCMock/**",
					"$SRCROOT/Externals/OCHamcrest/**",
					"$SRCROOT/Externals/Cedar/**",
				);
				INFOPLIST_FILE = "UISpec-Info.plist";
				INSTALL_PATH = "$(HOME)/Applications";
				ONLY_ACTIVE_ARCH = NO;
				OTHER_CFLAGS = "-D__IPHONE_OS_VERSION_MIN_REQUIRED=040100";
				OTHER_LDFLAGS = (
					"-ObjC",
					"-all_load",
					"-lstdc++",
					"-framework",
					Foundation,
					"-framework",
					UIKit,
				);
				PREBINDING = NO;
				PRODUCT_NAME = UISpec;
				SDKROOT = iphonesimulator4.1;
			};
			name = Debug;
		};
		6696DFC61266DE6D00111E23 /* Release */ = {
			isa = XCBuildConfiguration;
			buildSettings = {
				ALWAYS_SEARCH_USER_PATHS = NO;
				CODE_SIGN_IDENTITY = "iPhone Developer";
				COPY_PHASE_STRIP = YES;
				DEBUG_INFORMATION_FORMAT = "dwarf-with-dsym";
				GCC_ENABLE_FIX_AND_CONTINUE = NO;
				GCC_PRECOMPILE_PREFIX_HEADER = YES;
				GCC_PREFIX_HEADER = "$(SYSTEM_LIBRARY_DIR)/Frameworks/UIKit.framework/Headers/UIKit.h";
				GCC_VERSION = com.apple.compilers.llvmgcc42;
				HEADER_SEARCH_PATHS = (
					"$SRCROOT/Externals/OCMock/**",
					"$SRCROOT/Externals/OCHamcrest/**",
					"$SRCROOT/Externals/Cedar/**",
				);
				INFOPLIST_FILE = "UISpec-Info.plist";
				INSTALL_PATH = "$(HOME)/Applications";
				ONLY_ACTIVE_ARCH = NO;
				OTHER_CFLAGS = "-D__IPHONE_OS_VERSION_MIN_REQUIRED=040100";
				OTHER_LDFLAGS = (
					"-ObjC",
					"-all_load",
					"-lstdc++",
					"-framework",
					Foundation,
					"-framework",
					UIKit,
				);
				PREBINDING = NO;
				PRODUCT_NAME = UISpec;
				SDKROOT = iphonesimulator4.1;
				ZERO_LINK = NO;
			};
			name = Release;
		};
		AE138E7111E542BF004E825D /* Debug */ = {
			isa = XCBuildConfiguration;
			buildSettings = {
				ALWAYS_SEARCH_USER_PATHS = NO;
				COPY_PHASE_STRIP = NO;
				FRAMEWORK_SEARCH_PATHS = (
					"$(inherited)",
					"\"$(SRCROOT)/Externals\"",
				);
				GCC_DYNAMIC_NO_PIC = NO;
				GCC_OPTIMIZATION_LEVEL = 0;
				GCC_VERSION = coop.plausible.blocks.compilers.gcc.4_2;
				HEADER_SEARCH_PATHS = /usr/include/libxml2;
				PREBINDING = NO;
				PRODUCT_NAME = "PivotalCoreKit-StaticLib";
			};
			name = Debug;
		};
		AE138E7211E542BF004E825D /* Release */ = {
			isa = XCBuildConfiguration;
			buildSettings = {
				ALWAYS_SEARCH_USER_PATHS = NO;
				COPY_PHASE_STRIP = YES;
				DEBUG_INFORMATION_FORMAT = "dwarf-with-dsym";
				FRAMEWORK_SEARCH_PATHS = (
					"$(inherited)",
					"\"$(SRCROOT)/Externals\"",
				);
				GCC_ENABLE_FIX_AND_CONTINUE = NO;
				GCC_VERSION = coop.plausible.blocks.compilers.gcc.4_2;
				HEADER_SEARCH_PATHS = /usr/include/libxml2;
				PREBINDING = NO;
				PRODUCT_NAME = "PivotalCoreKit-StaticLib";
				ZERO_LINK = NO;
			};
			name = Release;
		};
		AE138F4711E548B5004E825D /* Debug */ = {
			isa = XCBuildConfiguration;
			buildSettings = {
				ALWAYS_SEARCH_USER_PATHS = NO;
				COPY_PHASE_STRIP = NO;
				GCC_DYNAMIC_NO_PIC = NO;
				GCC_ENABLE_FIX_AND_CONTINUE = YES;
				GCC_MODEL_TUNING = G5;
				GCC_OPTIMIZATION_LEVEL = 0;
				GCC_PRECOMPILE_PREFIX_HEADER = YES;
				GCC_PREFIX_HEADER = "";
				GCC_VERSION = com.apple.compilers.llvmgcc42;
				INSTALL_PATH = /usr/local/lib;
				OTHER_LDFLAGS = (
					"-framework",
					Foundation,
				);
				PREBINDING = NO;
				PRODUCT_NAME = "PivotalSpecHelperKit-StaticLib";
			};
			name = Debug;
		};
		AE138F4811E548B5004E825D /* Release */ = {
			isa = XCBuildConfiguration;
			buildSettings = {
				ALWAYS_SEARCH_USER_PATHS = NO;
				COPY_PHASE_STRIP = YES;
				DEBUG_INFORMATION_FORMAT = "dwarf-with-dsym";
				GCC_ENABLE_FIX_AND_CONTINUE = NO;
				GCC_MODEL_TUNING = G5;
				GCC_PRECOMPILE_PREFIX_HEADER = YES;
				GCC_PREFIX_HEADER = "";
				GCC_VERSION = com.apple.compilers.llvmgcc42;
				INSTALL_PATH = /usr/local/lib;
				OTHER_LDFLAGS = (
					"-framework",
					Foundation,
				);
				PREBINDING = NO;
				PRODUCT_NAME = "PivotalSpecHelperKit-StaticLib";
				ZERO_LINK = NO;
			};
			name = Release;
		};
		AECC4BBC11C6E2280027AB1B /* Debug */ = {
			isa = XCBuildConfiguration;
			buildSettings = {
				ALWAYS_SEARCH_USER_PATHS = NO;
				ARCHS = "$(ARCHS_STANDARD_32_64_BIT)";
				COPY_PHASE_STRIP = NO;
				FRAMEWORK_SEARCH_PATHS = (
					"$(inherited)",
					"\"$(SRCROOT)/Externals\"",
				);
				GCC_DYNAMIC_NO_PIC = NO;
				GCC_ENABLE_FIX_AND_CONTINUE = YES;
				GCC_MODEL_TUNING = G5;
				GCC_OPTIMIZATION_LEVEL = 0;
				GCC_PRECOMPILE_PREFIX_HEADER = YES;
				GCC_PREFIX_HEADER = "";
				GCC_PREPROCESSOR_DEFINITIONS = "FIXTURESDIR=\\\"$(SRCROOT)/Spec/Fixtures\\\"";
				HEADER_SEARCH_PATHS = /usr/include/libxml2;
				INSTALL_PATH = /usr/local/bin;
				ONLY_ACTIVE_ARCH = YES;
				OTHER_LDFLAGS = (
					"-framework",
					Foundation,
				);
				PREBINDING = NO;
				PRODUCT_NAME = Spec;
			};
			name = Debug;
		};
		AECC4BBD11C6E2280027AB1B /* Release */ = {
			isa = XCBuildConfiguration;
			buildSettings = {
				ALWAYS_SEARCH_USER_PATHS = NO;
				ARCHS = "$(ARCHS_STANDARD_32_64_BIT)";
				COPY_PHASE_STRIP = YES;
				DEBUG_INFORMATION_FORMAT = "dwarf-with-dsym";
				FRAMEWORK_SEARCH_PATHS = (
					"$(inherited)",
					"\"$(SRCROOT)/Externals\"",
				);
				GCC_ENABLE_FIX_AND_CONTINUE = NO;
				GCC_MODEL_TUNING = G5;
				GCC_PRECOMPILE_PREFIX_HEADER = YES;
				GCC_PREFIX_HEADER = "";
				GCC_PREPROCESSOR_DEFINITIONS = "FIXTURESDIR=\\\"$(SRCROOT)/Spec/Fixtures\\\"";
				HEADER_SEARCH_PATHS = /usr/include/libxml2;
				INSTALL_PATH = /usr/local/bin;
				ONLY_ACTIVE_ARCH = YES;
				OTHER_LDFLAGS = (
					"-framework",
					Foundation,
				);
				PREBINDING = NO;
				PRODUCT_NAME = Spec;
				ZERO_LINK = NO;
			};
			name = Release;
		};
		AEF15AC811C97E8B005B4F92 /* Debug */ = {
			isa = XCBuildConfiguration;
			buildSettings = {
				ALWAYS_SEARCH_USER_PATHS = NO;
				COPY_PHASE_STRIP = NO;
				DYLIB_COMPATIBILITY_VERSION = 1;
				DYLIB_CURRENT_VERSION = 1;
				FRAMEWORK_SEARCH_PATHS = (
					"$(inherited)",
					"\"$(SRCROOT)/Externals\"",
				);
				FRAMEWORK_VERSION = A;
				GCC_DYNAMIC_NO_PIC = NO;
				GCC_ENABLE_FIX_AND_CONTINUE = YES;
				GCC_MODEL_TUNING = G5;
				GCC_OPTIMIZATION_LEVEL = 0;
				GCC_PRECOMPILE_PREFIX_HEADER = YES;
				GCC_PREFIX_HEADER = "$(SYSTEM_LIBRARY_DIR)/Frameworks/AppKit.framework/Headers/AppKit.h";
				GCC_VERSION = com.apple.compilers.llvm.clang.1_0;
				HEADER_SEARCH_PATHS = /usr/include/libxml2;
				INFOPLIST_FILE = "PivotalCoreKit-Info.plist";
				INSTALL_PATH = "$(HOME)/Library/Frameworks";
				OTHER_LDFLAGS = (
					"-framework",
					Foundation,
					"-framework",
					AppKit,
				);
				PREBINDING = NO;
				PRODUCT_NAME = PivotalCoreKit;
			};
			name = Debug;
		};
		AEF15AC911C97E8B005B4F92 /* Release */ = {
			isa = XCBuildConfiguration;
			buildSettings = {
				ALWAYS_SEARCH_USER_PATHS = NO;
				COPY_PHASE_STRIP = YES;
				DEBUG_INFORMATION_FORMAT = "dwarf-with-dsym";
				DYLIB_COMPATIBILITY_VERSION = 1;
				DYLIB_CURRENT_VERSION = 1;
				FRAMEWORK_SEARCH_PATHS = (
					"$(inherited)",
					"\"$(SRCROOT)/Externals\"",
				);
				FRAMEWORK_VERSION = A;
				GCC_ENABLE_FIX_AND_CONTINUE = NO;
				GCC_MODEL_TUNING = G5;
				GCC_PRECOMPILE_PREFIX_HEADER = YES;
				GCC_PREFIX_HEADER = "$(SYSTEM_LIBRARY_DIR)/Frameworks/AppKit.framework/Headers/AppKit.h";
				GCC_VERSION = com.apple.compilers.llvm.clang.1_0;
				HEADER_SEARCH_PATHS = /usr/include/libxml2;
				INFOPLIST_FILE = "PivotalCoreKit-Info.plist";
				INSTALL_PATH = "$(HOME)/Library/Frameworks";
				ONLY_ACTIVE_ARCH = YES;
				OTHER_LDFLAGS = (
					"-framework",
					Foundation,
					"-framework",
					AppKit,
				);
				PREBINDING = NO;
				PRODUCT_NAME = PivotalCoreKit;
				ZERO_LINK = NO;
			};
			name = Release;
		};
		AEF15AE211C97F16005B4F92 /* Debug */ = {
			isa = XCBuildConfiguration;
			buildSettings = {
				ALWAYS_SEARCH_USER_PATHS = NO;
				COPY_PHASE_STRIP = NO;
				DYLIB_COMPATIBILITY_VERSION = 1;
				DYLIB_CURRENT_VERSION = 1;
				FRAMEWORK_VERSION = A;
				GCC_DYNAMIC_NO_PIC = NO;
				GCC_ENABLE_FIX_AND_CONTINUE = YES;
				GCC_MODEL_TUNING = G5;
				GCC_OPTIMIZATION_LEVEL = 0;
				GCC_PRECOMPILE_PREFIX_HEADER = YES;
				GCC_PREFIX_HEADER = "$(SYSTEM_LIBRARY_DIR)/Frameworks/AppKit.framework/Headers/AppKit.h";
				INFOPLIST_FILE = "PivotalSpecHelperKit-Info.plist";
				INSTALL_PATH = "$(HOME)/Library/Frameworks";
				OTHER_LDFLAGS = (
					"-framework",
					Foundation,
					"-framework",
					AppKit,
				);
				PREBINDING = NO;
				PRODUCT_NAME = PivotalSpecHelperKit;
			};
			name = Debug;
		};
		AEF15AE311C97F16005B4F92 /* Release */ = {
			isa = XCBuildConfiguration;
			buildSettings = {
				ALWAYS_SEARCH_USER_PATHS = NO;
				COPY_PHASE_STRIP = YES;
				DEBUG_INFORMATION_FORMAT = "dwarf-with-dsym";
				DYLIB_COMPATIBILITY_VERSION = 1;
				DYLIB_CURRENT_VERSION = 1;
				FRAMEWORK_VERSION = A;
				GCC_ENABLE_FIX_AND_CONTINUE = NO;
				GCC_MODEL_TUNING = G5;
				GCC_PRECOMPILE_PREFIX_HEADER = YES;
				GCC_PREFIX_HEADER = "$(SYSTEM_LIBRARY_DIR)/Frameworks/AppKit.framework/Headers/AppKit.h";
				INFOPLIST_FILE = "PivotalSpecHelperKit-Info.plist";
				INSTALL_PATH = "$(HOME)/Library/Frameworks";
				OTHER_LDFLAGS = (
					"-framework",
					Foundation,
					"-framework",
					AppKit,
				);
				PREBINDING = NO;
				PRODUCT_NAME = PivotalSpecHelperKit;
				ZERO_LINK = NO;
			};
			name = Release;
		};
/* End XCBuildConfiguration section */

/* Begin XCConfigurationList section */
		1DEB922208733DC00010E9CD /* Build configuration list for PBXProject "PivotalCoreKit" */ = {
			isa = XCConfigurationList;
			buildConfigurations = (
				1DEB922308733DC00010E9CD /* Debug */,
				1DEB922408733DC00010E9CD /* Release */,
			);
			defaultConfigurationIsVisible = 0;
			defaultConfigurationName = Release;
		};
		6696DFC71266DE6D00111E23 /* Build configuration list for PBXNativeTarget "UISpec" */ = {
			isa = XCConfigurationList;
			buildConfigurations = (
				6696DFC51266DE6D00111E23 /* Debug */,
				6696DFC61266DE6D00111E23 /* Release */,
			);
			defaultConfigurationIsVisible = 0;
			defaultConfigurationName = Release;
		};
		AE138E7311E542DD004E825D /* Build configuration list for PBXNativeTarget "PivotalCoreKit-StaticLib" */ = {
			isa = XCConfigurationList;
			buildConfigurations = (
				AE138E7111E542BF004E825D /* Debug */,
				AE138E7211E542BF004E825D /* Release */,
			);
			defaultConfigurationIsVisible = 0;
			defaultConfigurationName = Release;
		};
		AE138F6211E548EB004E825D /* Build configuration list for PBXNativeTarget "PivotalSpecHelperKit-StaticLib" */ = {
			isa = XCConfigurationList;
			buildConfigurations = (
				AE138F4711E548B5004E825D /* Debug */,
				AE138F4811E548B5004E825D /* Release */,
			);
			defaultConfigurationIsVisible = 0;
			defaultConfigurationName = Release;
		};
		AECC4BE011C6E2D50027AB1B /* Build configuration list for PBXNativeTarget "Spec" */ = {
			isa = XCConfigurationList;
			buildConfigurations = (
				AECC4BBC11C6E2280027AB1B /* Debug */,
				AECC4BBD11C6E2280027AB1B /* Release */,
			);
			defaultConfigurationIsVisible = 0;
			defaultConfigurationName = Release;
		};
		AEF15ACA11C97E8B005B4F92 /* Build configuration list for PBXNativeTarget "PivotalCoreKit" */ = {
			isa = XCConfigurationList;
			buildConfigurations = (
				AEF15AC811C97E8B005B4F92 /* Debug */,
				AEF15AC911C97E8B005B4F92 /* Release */,
			);
			defaultConfigurationIsVisible = 0;
			defaultConfigurationName = Release;
		};
		AEF15AE411C97F16005B4F92 /* Build configuration list for PBXNativeTarget "PivotalSpecHelperKit" */ = {
			isa = XCConfigurationList;
			buildConfigurations = (
				AEF15AE211C97F16005B4F92 /* Debug */,
				AEF15AE311C97F16005B4F92 /* Release */,
			);
			defaultConfigurationIsVisible = 0;
			defaultConfigurationName = Release;
		};
/* End XCConfigurationList section */
	};
	rootObject = 0867D690FE84028FC02AAC07 /* Project object */;
}
