// !$*UTF8*$!
{
	archiveVersion = 1;
	classes = {
	};
	objectVersion = 46;
	objects = {

/* Begin PBXBuildFile section */
		3466C0751B97A31F00CBAB59 /* BundleSpecLoader.mm in Sources */ = {isa = PBXBuildFile; fileRef = AE118B0218D6BCE700C90D6B /* BundleSpecLoader.mm */; };
		34A663FA1BDFB8D900EF0FEA /* CLGeocoder+Spec.h in Headers */ = {isa = PBXBuildFile; fileRef = AE38494D168CD9B600C99B55 /* CLGeocoder+Spec.h */; settings = {ATTRIBUTES = (Public, ); }; };
		34A663FB1BDFB8E100EF0FEA /* CLLocationManager+Spec.h in Headers */ = {isa = PBXBuildFile; fileRef = 8493636D1A958640005613BA /* CLLocationManager+Spec.h */; settings = {ATTRIBUTES = (Public, ); }; };
		34A663FC1BDFB8E200EF0FEA /* CLLocationManager+Spec.h in Headers */ = {isa = PBXBuildFile; fileRef = 8493636D1A958640005613BA /* CLLocationManager+Spec.h */; settings = {ATTRIBUTES = (Public, ); }; };
		34A663FD1BDFB8EE00EF0FEA /* CoreLocation+PivotalSpecHelper.h in Headers */ = {isa = PBXBuildFile; fileRef = AE38494B168CD9B600C99B55 /* CoreLocation+PivotalSpecHelper.h */; settings = {ATTRIBUTES = (Public, ); }; };
		34A663FE1BDFB8F300EF0FEA /* CLGeocoder+Spec.m in Sources */ = {isa = PBXBuildFile; fileRef = AE38494E168CD9B600C99B55 /* CLGeocoder+Spec.m */; };
		34A663FF1BDFB8F600EF0FEA /* CLLocationManager+Spec.m in Sources */ = {isa = PBXBuildFile; fileRef = 8493636E1A958640005613BA /* CLLocationManager+Spec.m */; };
		34A664011BDFB96900EF0FEA /* CoreLocation.framework in Frameworks */ = {isa = PBXBuildFile; fileRef = 34A664001BDFB96900EF0FEA /* CoreLocation.framework */; };
		34A6641D1BDFB9F100EF0FEA /* CoreLocation.framework in Frameworks */ = {isa = PBXBuildFile; fileRef = 34A6641C1BDFB9F100EF0FEA /* CoreLocation.framework */; };
		34A6641E1BDFBA7E00EF0FEA /* CLGeocoder+Spec.h in Headers */ = {isa = PBXBuildFile; fileRef = AE38494D168CD9B600C99B55 /* CLGeocoder+Spec.h */; settings = {ATTRIBUTES = (Public, ); }; };
		34A6641F1BDFBA8400EF0FEA /* CLLocationManager+Spec.h in Headers */ = {isa = PBXBuildFile; fileRef = 8493636D1A958640005613BA /* CLLocationManager+Spec.h */; settings = {ATTRIBUTES = (Public, ); }; };
		34A664201BDFBA8800EF0FEA /* CoreLocation+PivotalSpecHelper.h in Headers */ = {isa = PBXBuildFile; fileRef = AE38494B168CD9B600C99B55 /* CoreLocation+PivotalSpecHelper.h */; settings = {ATTRIBUTES = (Public, ); }; };
		34A664211BDFBA8D00EF0FEA /* CLGeocoder+Spec.m in Sources */ = {isa = PBXBuildFile; fileRef = AE38494E168CD9B600C99B55 /* CLGeocoder+Spec.m */; };
		34A664221BDFBA8F00EF0FEA /* CLLocationManager+Spec.m in Sources */ = {isa = PBXBuildFile; fileRef = 8493636E1A958640005613BA /* CLLocationManager+Spec.m */; };
		34A6642C1BDFBB9F00EF0FEA /* CoreLocation_PivotalSpecHelper.framework in Frameworks */ = {isa = PBXBuildFile; fileRef = 34A664141BDFB9B400EF0FEA /* CoreLocation_PivotalSpecHelper.framework */; };
		34A664321BDFBC5600EF0FEA /* CLGeocoderSpec+Spec.mm in Sources */ = {isa = PBXBuildFile; fileRef = AEC81173168D14FF00523186 /* CLGeocoderSpec+Spec.mm */; };
		34A664331BDFBC5600EF0FEA /* CLLocationManagerSpec+Spec.mm in Sources */ = {isa = PBXBuildFile; fileRef = 849363601A9585D2005613BA /* CLLocationManagerSpec+Spec.mm */; };
		34A664341BDFBC9200EF0FEA /* Cedar.framework in Frameworks */ = {isa = PBXBuildFile; fileRef = AE384933168CD8FC00C99B55 /* Cedar.framework */; };
		34A664351BDFBC9C00EF0FEA /* CoreLocation.framework in Frameworks */ = {isa = PBXBuildFile; fileRef = 34A6641C1BDFB9F100EF0FEA /* CoreLocation.framework */; };
		8493636C1A9585E2005613BA /* CLLocationManagerSpec+Spec.mm in Sources */ = {isa = PBXBuildFile; fileRef = 849363601A9585D2005613BA /* CLLocationManagerSpec+Spec.mm */; };
		849363731A9588AD005613BA /* CLLocationManagerSpec+Spec.mm in Sources */ = {isa = PBXBuildFile; fileRef = 849363601A9585D2005613BA /* CLLocationManagerSpec+Spec.mm */; };
		849363C01A9758D5005613BA /* CLLocationManager+Spec.m in Sources */ = {isa = PBXBuildFile; fileRef = 8493636E1A958640005613BA /* CLLocationManager+Spec.m */; };
		849363C11A9758EE005613BA /* CLLocationManager+Spec.m in Sources */ = {isa = PBXBuildFile; fileRef = 8493636E1A958640005613BA /* CLLocationManager+Spec.m */; };
		AE3848DA168CD86000C99B55 /* UIKit.framework in Frameworks */ = {isa = PBXBuildFile; fileRef = AE3848D9168CD86000C99B55 /* UIKit.framework */; };
		AE3848DC168CD86000C99B55 /* Foundation.framework in Frameworks */ = {isa = PBXBuildFile; fileRef = AE3848DB168CD86000C99B55 /* Foundation.framework */; };
		AE3848DE168CD86000C99B55 /* CoreGraphics.framework in Frameworks */ = {isa = PBXBuildFile; fileRef = AE3848DD168CD86000C99B55 /* CoreGraphics.framework */; };
		AE38491A168CD8D800C99B55 /* Foundation.framework in Frameworks */ = {isa = PBXBuildFile; fileRef = AE3848DB168CD86000C99B55 /* Foundation.framework */; };
		AE384944168CD91E00C99B55 /* Cedar.framework in Frameworks */ = {isa = PBXBuildFile; fileRef = AE384933168CD8FC00C99B55 /* Cedar.framework */; };
		AE384948168CD9AA00C99B55 /* CoreLocation+PivotalSpecHelper.framework in Frameworks */ = {isa = PBXBuildFile; fileRef = AE384900168CD8C800C99B55 /* CoreLocation+PivotalSpecHelper.framework */; };
		AE384950168CD9B600C99B55 /* CoreLocation+PivotalSpecHelper.h in Headers */ = {isa = PBXBuildFile; fileRef = AE38494B168CD9B600C99B55 /* CoreLocation+PivotalSpecHelper.h */; settings = {ATTRIBUTES = (Public, ); }; };
		AE384951168CD9B600C99B55 /* CLGeocoder+Spec.h in Headers */ = {isa = PBXBuildFile; fileRef = AE38494D168CD9B600C99B55 /* CLGeocoder+Spec.h */; settings = {ATTRIBUTES = (Public, ); }; };
		AE384952168CD9B600C99B55 /* CLGeocoder+Spec.m in Sources */ = {isa = PBXBuildFile; fileRef = AE38494E168CD9B600C99B55 /* CLGeocoder+Spec.m */; };
		AE384954168CDA1500C99B55 /* CoreLocation.framework in Frameworks */ = {isa = PBXBuildFile; fileRef = AE384953168CDA1500C99B55 /* CoreLocation.framework */; };
		AE384960168D030800C99B55 /* main.mm in Sources */ = {isa = PBXBuildFile; fileRef = AE38495D168D030800C99B55 /* main.mm */; };
		AE384961168D032300C99B55 /* main.m in Sources */ = {isa = PBXBuildFile; fileRef = AE38495B168D030800C99B55 /* main.m */; };
		AE384962168D033C00C99B55 /* CoreLocation.framework in Frameworks */ = {isa = PBXBuildFile; fileRef = AE384953168CDA1500C99B55 /* CoreLocation.framework */; };
		AE384963168D045400C99B55 /* libCedar.a in Frameworks */ = {isa = PBXBuildFile; fileRef = AE384939168CD8FC00C99B55 /* libCedar.a */; };
		AE384971168D04F300C99B55 /* CoreLocation.framework in Frameworks */ = {isa = PBXBuildFile; fileRef = AE384970168D04F300C99B55 /* CoreLocation.framework */; };
		AE38498F168D053300C99B55 /* Foundation.framework in Frameworks */ = {isa = PBXBuildFile; fileRef = AE3848DB168CD86000C99B55 /* Foundation.framework */; };
		AE38499A168D055A00C99B55 /* CoreLocation.framework in Frameworks */ = {isa = PBXBuildFile; fileRef = AE384970168D04F300C99B55 /* CoreLocation.framework */; };
		AE38499B168D056600C99B55 /* CLGeocoder+Spec.m in Sources */ = {isa = PBXBuildFile; fileRef = AE38494E168CD9B600C99B55 /* CLGeocoder+Spec.m */; };
		AE38499E168D058F00C99B55 /* libCoreLocation+PivotalSpecHelper-StaticLib.a in Frameworks */ = {isa = PBXBuildFile; fileRef = AE38498E168D053300C99B55 /* libCoreLocation+PivotalSpecHelper-StaticLib.a */; };
		AE494744168D15C8006F3B70 /* CLGeocoderSpec+Spec.mm in Sources */ = {isa = PBXBuildFile; fileRef = AEC81173168D14FF00523186 /* CLGeocoderSpec+Spec.mm */; };
		AE49474D168D15C9006F3B70 /* CLGeocoderSpec+Spec.mm in Sources */ = {isa = PBXBuildFile; fileRef = AEC81173168D14FF00523186 /* CLGeocoderSpec+Spec.mm */; };
		AEEECC4C181F36B6006B52CD /* Default-568h@2x.png in Resources */ = {isa = PBXBuildFile; fileRef = AEEECC4B181F36B6006B52CD /* Default-568h@2x.png */; };
/* End PBXBuildFile section */

/* Begin PBXContainerItemProxy section */
		344569E21B98EBBB008A16A2 /* PBXContainerItemProxy */ = {
			isa = PBXContainerItemProxy;
			containerPortal = AE384926168CD8FB00C99B55 /* Cedar.xcodeproj */;
			proxyType = 2;
			remoteGlobalIDString = AE4864F81B067620005DB302;
			remoteInfo = "Cedar-iOS-Framework";
		};
		344569E41B98EBBB008A16A2 /* PBXContainerItemProxy */ = {
			isa = PBXContainerItemProxy;
			containerPortal = AE384926168CD8FB00C99B55 /* Cedar.xcodeproj */;
			proxyType = 2;
			remoteGlobalIDString = AE03FBE91B06C33B00013784;
			remoteInfo = "Cedar-iOS-Framework Specs";
		};
		3466C0701B97A2ED00CBAB59 /* PBXContainerItemProxy */ = {
			isa = PBXContainerItemProxy;
			containerPortal = AE3848CC168CD86000C99B55 /* Project object */;
			proxyType = 1;
			remoteGlobalIDString = AE3848D4168CD86000C99B55;
			remoteInfo = "CoreLocation-StaticLibSpec";
		};
		34A6642D1BDFBB9F00EF0FEA /* PBXContainerItemProxy */ = {
			isa = PBXContainerItemProxy;
			containerPortal = AE3848CC168CD86000C99B55 /* Project object */;
			proxyType = 1;
			remoteGlobalIDString = 34A664131BDFB9B400EF0FEA;
			remoteInfo = "CoreLocation+PivotalSpecHelper-tvOS";
		};
		AE384932168CD8FC00C99B55 /* PBXContainerItemProxy */ = {
			isa = PBXContainerItemProxy;
			containerPortal = AE384926168CD8FB00C99B55 /* Cedar.xcodeproj */;
			proxyType = 2;
			remoteGlobalIDString = AEEE1FB611DC271300029872;
			remoteInfo = Cedar;
		};
		AE384934168CD8FC00C99B55 /* PBXContainerItemProxy */ = {
			isa = PBXContainerItemProxy;
			containerPortal = AE384926168CD8FB00C99B55 /* Cedar.xcodeproj */;
			proxyType = 2;
			remoteGlobalIDString = AEEE218611DC28E200029872;
			remoteInfo = Specs;
		};
		AE384936168CD8FC00C99B55 /* PBXContainerItemProxy */ = {
			isa = PBXContainerItemProxy;
			containerPortal = AE384926168CD8FB00C99B55 /* Cedar.xcodeproj */;
			proxyType = 2;
			remoteGlobalIDString = 96A07F0813F276640021974D;
			remoteInfo = FocusedSpecs;
		};
		AE384938168CD8FC00C99B55 /* PBXContainerItemProxy */ = {
			isa = PBXContainerItemProxy;
			containerPortal = AE384926168CD8FB00C99B55 /* Cedar.xcodeproj */;
			proxyType = 2;
			remoteGlobalIDString = AEEE222911DC2B0600029872;
			remoteInfo = "Cedar-StaticLib";
		};
		AE38493A168CD8FC00C99B55 /* PBXContainerItemProxy */ = {
			isa = PBXContainerItemProxy;
			containerPortal = AE384926168CD8FB00C99B55 /* Cedar.xcodeproj */;
			proxyType = 2;
			remoteGlobalIDString = AEEE227611DC2CF900029872;
			remoteInfo = iOSSpecs;
		};
		AE38493C168CD8FC00C99B55 /* PBXContainerItemProxy */ = {
			isa = PBXContainerItemProxy;
			containerPortal = AE384926168CD8FB00C99B55 /* Cedar.xcodeproj */;
			proxyType = 2;
			remoteGlobalIDString = 96B5F9F6144A81A7000A6A5D;
			remoteInfo = OCUnitApp;
		};
		AE384942168CD90C00C99B55 /* PBXContainerItemProxy */ = {
			isa = PBXContainerItemProxy;
			containerPortal = AE384926168CD8FB00C99B55 /* Cedar.xcodeproj */;
			proxyType = 1;
			remoteGlobalIDString = AEEE1FB511DC271300029872;
			remoteInfo = Cedar;
		};
		AE384946168CD92500C99B55 /* PBXContainerItemProxy */ = {
			isa = PBXContainerItemProxy;
			containerPortal = AE3848CC168CD86000C99B55 /* Project object */;
			proxyType = 1;
			remoteGlobalIDString = AE3848FF168CD8C800C99B55;
			remoteInfo = "CoreLocation+PivotalCore";
		};
		AE384964168D046400C99B55 /* PBXContainerItemProxy */ = {
			isa = PBXContainerItemProxy;
			containerPortal = AE384926168CD8FB00C99B55 /* Cedar.xcodeproj */;
			proxyType = 1;
			remoteGlobalIDString = AEEE222811DC2B0600029872;
			remoteInfo = "Cedar-StaticLib";
		};
		AE38499C168D058A00C99B55 /* PBXContainerItemProxy */ = {
			isa = PBXContainerItemProxy;
			containerPortal = AE3848CC168CD86000C99B55 /* Project object */;
			proxyType = 1;
			remoteGlobalIDString = AE38498D168D053300C99B55;
			remoteInfo = "CoreLocation+PivotalSpecHelper-StaticLib";
		};
		AE5200031BCB323C006BA693 /* PBXContainerItemProxy */ = {
			isa = PBXContainerItemProxy;
			containerPortal = AE384926168CD8FB00C99B55 /* Cedar.xcodeproj */;
			proxyType = 2;
			remoteGlobalIDString = 346261DF1B995239002CAEBD;
			remoteInfo = "Cedar-watchOS";
		};
		AE5200051BCB323C006BA693 /* PBXContainerItemProxy */ = {
			isa = PBXContainerItemProxy;
			containerPortal = AE384926168CD8FB00C99B55 /* Cedar.xcodeproj */;
			proxyType = 2;
			remoteGlobalIDString = 34D7C3CA1BB9747400E8E523;
			remoteInfo = "Cedar-tvOS";
		};
		AE5200071BCB323C006BA693 /* PBXContainerItemProxy */ = {
			isa = PBXContainerItemProxy;
			containerPortal = AE384926168CD8FB00C99B55 /* Cedar.xcodeproj */;
			proxyType = 2;
			remoteGlobalIDString = 34852D211BBE35FF0072D249;
			remoteInfo = "Cedar-watchOS HostApp";
		};
		AE5200091BCB323C006BA693 /* PBXContainerItemProxy */ = {
			isa = PBXContainerItemProxy;
			containerPortal = AE384926168CD8FB00C99B55 /* Cedar.xcodeproj */;
			proxyType = 2;
			remoteGlobalIDString = 346262781B99C1DB002CAEBD;
			remoteInfo = "Cedar-watchOS Specs";
		};
		AE52000B1BCB323C006BA693 /* PBXContainerItemProxy */ = {
			isa = PBXContainerItemProxy;
			containerPortal = AE384926168CD8FB00C99B55 /* Cedar.xcodeproj */;
			proxyType = 2;
			remoteGlobalIDString = 346262841B99C1DC002CAEBD;
			remoteInfo = "Cedar-watchOS Specs Extension";
		};
		AE52000D1BCB323C006BA693 /* PBXContainerItemProxy */ = {
			isa = PBXContainerItemProxy;
			containerPortal = AE384926168CD8FB00C99B55 /* Cedar.xcodeproj */;
			proxyType = 2;
			remoteGlobalIDString = 34D7C4691BB9B71600E8E523;
			remoteInfo = "Cedar-tvOS SpecBundle";
		};
		AECAF90E1A0190BB002B4FD8 /* PBXContainerItemProxy */ = {
			isa = PBXContainerItemProxy;
			containerPortal = AE384926168CD8FB00C99B55 /* Cedar.xcodeproj */;
			proxyType = 2;
			remoteGlobalIDString = AE248F9819DCD52500092C14;
			remoteInfo = "Cedar OS X Host App";
		};
		AECAF9101A0190BB002B4FD8 /* PBXContainerItemProxy */ = {
			isa = PBXContainerItemProxy;
			containerPortal = AE384926168CD8FB00C99B55 /* Cedar.xcodeproj */;
			proxyType = 2;
			remoteGlobalIDString = AE248FAA19DCD52500092C14;
			remoteInfo = "Cedar OS X Host AppTests";
		};
		AED5718718C54B5E004AD37D /* PBXContainerItemProxy */ = {
			isa = PBXContainerItemProxy;
			containerPortal = AE384926168CD8FB00C99B55 /* Cedar.xcodeproj */;
			proxyType = 2;
			remoteGlobalIDString = AE02E7E4184EABCD00414F19;
			remoteInfo = iOSFrameworkSpecs;
		};
		AEEECC49181F36B2006B52CD /* PBXContainerItemProxy */ = {
			isa = PBXContainerItemProxy;
			containerPortal = AE384926168CD8FB00C99B55 /* Cedar.xcodeproj */;
			proxyType = 2;
			remoteGlobalIDString = 1F45A3DD180E4796003C1E36;
			remoteInfo = XCUnitAppTests;
		};
/* End PBXContainerItemProxy section */

/* Begin PBXCopyFilesBuildPhase section */
		AE384916168CD8D800C99B55 /* CopyFiles */ = {
			isa = PBXCopyFilesBuildPhase;
			buildActionMask = 2147483647;
			dstPath = /usr/share/man/man1/;
			dstSubfolderSpec = 0;
			files = (
			);
			runOnlyForDeploymentPostprocessing = 1;
		};
		AE38498C168D053300C99B55 /* CopyFiles */ = {
			isa = PBXCopyFilesBuildPhase;
			buildActionMask = 2147483647;
			dstPath = "include/${PRODUCT_NAME}";
			dstSubfolderSpec = 16;
			files = (
			);
			runOnlyForDeploymentPostprocessing = 0;
		};
/* End PBXCopyFilesBuildPhase section */

/* Begin PBXFileReference section */
		3466C06B1B97A2ED00CBAB59 /* CoreLocation-StaticLibSpecBundle.xctest */ = {isa = PBXFileReference; explicitFileType = wrapper.cfbundle; includeInIndex = 0; path = "CoreLocation-StaticLibSpecBundle.xctest"; sourceTree = BUILT_PRODUCTS_DIR; };
		34A663F21BDFB78300EF0FEA /* CoreLoation_PivotalSpecHelper.framework */ = {isa = PBXFileReference; explicitFileType = wrapper.framework; includeInIndex = 0; path = CoreLoation_PivotalSpecHelper.framework; sourceTree = BUILT_PRODUCTS_DIR; };
		34A664001BDFB96900EF0FEA /* CoreLocation.framework */ = {isa = PBXFileReference; lastKnownFileType = wrapper.framework; name = CoreLocation.framework; path = Platforms/WatchOS.platform/Developer/SDKs/WatchOS2.0.sdk/System/Library/Frameworks/CoreLocation.framework; sourceTree = DEVELOPER_DIR; };
		34A664141BDFB9B400EF0FEA /* CoreLocation_PivotalSpecHelper.framework */ = {isa = PBXFileReference; explicitFileType = wrapper.framework; includeInIndex = 0; path = CoreLocation_PivotalSpecHelper.framework; sourceTree = BUILT_PRODUCTS_DIR; };
		34A6641C1BDFB9F100EF0FEA /* CoreLocation.framework */ = {isa = PBXFileReference; lastKnownFileType = wrapper.framework; name = CoreLocation.framework; path = Platforms/AppleTVOS.platform/Developer/SDKs/AppleTVOS9.0.sdk/System/Library/Frameworks/CoreLocation.framework; sourceTree = DEVELOPER_DIR; };
		34A664271BDFBB9E00EF0FEA /* CoreLocation-tvOS SpecBundle.xctest */ = {isa = PBXFileReference; explicitFileType = wrapper.cfbundle; includeInIndex = 0; path = "CoreLocation-tvOS SpecBundle.xctest"; sourceTree = BUILT_PRODUCTS_DIR; };
		849363601A9585D2005613BA /* CLLocationManagerSpec+Spec.mm */ = {isa = PBXFileReference; fileEncoding = 4; lastKnownFileType = sourcecode.cpp.objcpp; path = "CLLocationManagerSpec+Spec.mm"; sourceTree = "<group>"; };
		8493636D1A958640005613BA /* CLLocationManager+Spec.h */ = {isa = PBXFileReference; fileEncoding = 4; lastKnownFileType = sourcecode.c.h; path = "CLLocationManager+Spec.h"; sourceTree = "<group>"; };
		8493636E1A958640005613BA /* CLLocationManager+Spec.m */ = {isa = PBXFileReference; fileEncoding = 4; lastKnownFileType = sourcecode.c.objc; path = "CLLocationManager+Spec.m"; sourceTree = "<group>"; };
		AE118B0218D6BCE700C90D6B /* BundleSpecLoader.mm */ = {isa = PBXFileReference; fileEncoding = 4; lastKnownFileType = sourcecode.cpp.objcpp; path = BundleSpecLoader.mm; sourceTree = "<group>"; };
		AE3848D5168CD86000C99B55 /* CoreLocation-StaticLibSpec.app */ = {isa = PBXFileReference; explicitFileType = wrapper.application; includeInIndex = 0; path = "CoreLocation-StaticLibSpec.app"; sourceTree = BUILT_PRODUCTS_DIR; };
		AE3848D9168CD86000C99B55 /* UIKit.framework */ = {isa = PBXFileReference; lastKnownFileType = wrapper.framework; name = UIKit.framework; path = System/Library/Frameworks/UIKit.framework; sourceTree = SDKROOT; };
		AE3848DB168CD86000C99B55 /* Foundation.framework */ = {isa = PBXFileReference; lastKnownFileType = wrapper.framework; name = Foundation.framework; path = System/Library/Frameworks/Foundation.framework; sourceTree = SDKROOT; };
		AE3848DD168CD86000C99B55 /* CoreGraphics.framework */ = {isa = PBXFileReference; lastKnownFileType = wrapper.framework; name = CoreGraphics.framework; path = System/Library/Frameworks/CoreGraphics.framework; sourceTree = SDKROOT; };
		AE384900168CD8C800C99B55 /* CoreLocation+PivotalSpecHelper.framework */ = {isa = PBXFileReference; explicitFileType = wrapper.framework; includeInIndex = 0; path = "CoreLocation+PivotalSpecHelper.framework"; sourceTree = BUILT_PRODUCTS_DIR; };
		AE384918168CD8D800C99B55 /* CoreLocationSpec */ = {isa = PBXFileReference; explicitFileType = "compiled.mach-o.executable"; includeInIndex = 0; path = CoreLocationSpec; sourceTree = BUILT_PRODUCTS_DIR; };
		AE384926168CD8FB00C99B55 /* Cedar.xcodeproj */ = {isa = PBXFileReference; lastKnownFileType = "wrapper.pb-project"; name = Cedar.xcodeproj; path = ../Externals/Cedar/Cedar.xcodeproj; sourceTree = "<group>"; };
		AE38494B168CD9B600C99B55 /* CoreLocation+PivotalSpecHelper.h */ = {isa = PBXFileReference; fileEncoding = 4; lastKnownFileType = sourcecode.c.h; path = "CoreLocation+PivotalSpecHelper.h"; sourceTree = "<group>"; };
		AE38494D168CD9B600C99B55 /* CLGeocoder+Spec.h */ = {isa = PBXFileReference; fileEncoding = 4; lastKnownFileType = sourcecode.c.h; path = "CLGeocoder+Spec.h"; sourceTree = "<group>"; };
		AE38494E168CD9B600C99B55 /* CLGeocoder+Spec.m */ = {isa = PBXFileReference; fileEncoding = 4; lastKnownFileType = sourcecode.c.objc; path = "CLGeocoder+Spec.m"; sourceTree = "<group>"; };
		AE384953168CDA1500C99B55 /* CoreLocation.framework */ = {isa = PBXFileReference; lastKnownFileType = wrapper.framework; name = CoreLocation.framework; path = Platforms/MacOSX.platform/Developer/SDKs/MacOSX10.8.sdk/System/Library/Frameworks/CoreLocation.framework; sourceTree = DEVELOPER_DIR; };
		AE38495B168D030800C99B55 /* main.m */ = {isa = PBXFileReference; fileEncoding = 4; lastKnownFileType = sourcecode.c.objc; path = main.m; sourceTree = "<group>"; };
		AE38495D168D030800C99B55 /* main.mm */ = {isa = PBXFileReference; fileEncoding = 4; lastKnownFileType = sourcecode.cpp.objcpp; path = main.mm; sourceTree = "<group>"; };
		AE384970168D04F300C99B55 /* CoreLocation.framework */ = {isa = PBXFileReference; lastKnownFileType = wrapper.framework; name = CoreLocation.framework; path = System/Library/Frameworks/CoreLocation.framework; sourceTree = SDKROOT; };
		AE38498E168D053300C99B55 /* libCoreLocation+PivotalSpecHelper-StaticLib.a */ = {isa = PBXFileReference; explicitFileType = archive.ar; includeInIndex = 0; path = "libCoreLocation+PivotalSpecHelper-StaticLib.a"; sourceTree = BUILT_PRODUCTS_DIR; };
		AEC81173168D14FF00523186 /* CLGeocoderSpec+Spec.mm */ = {isa = PBXFileReference; fileEncoding = 4; lastKnownFileType = sourcecode.cpp.objcpp; path = "CLGeocoderSpec+Spec.mm"; sourceTree = "<group>"; };
		AEEECC4B181F36B6006B52CD /* Default-568h@2x.png */ = {isa = PBXFileReference; lastKnownFileType = image.png; path = "Default-568h@2x.png"; sourceTree = "<group>"; };
/* End PBXFileReference section */

/* Begin PBXFrameworksBuildPhase section */
		34A663EE1BDFB78300EF0FEA /* Frameworks */ = {
			isa = PBXFrameworksBuildPhase;
			buildActionMask = 2147483647;
			files = (
				34A664011BDFB96900EF0FEA /* CoreLocation.framework in Frameworks */,
			);
			runOnlyForDeploymentPostprocessing = 0;
		};
		34A664101BDFB9B400EF0FEA /* Frameworks */ = {
			isa = PBXFrameworksBuildPhase;
			buildActionMask = 2147483647;
			files = (
				34A6641D1BDFB9F100EF0FEA /* CoreLocation.framework in Frameworks */,
			);
			runOnlyForDeploymentPostprocessing = 0;
		};
		34A664241BDFBB9E00EF0FEA /* Frameworks */ = {
			isa = PBXFrameworksBuildPhase;
			buildActionMask = 2147483647;
			files = (
				34A664351BDFBC9C00EF0FEA /* CoreLocation.framework in Frameworks */,
				34A664341BDFBC9200EF0FEA /* Cedar.framework in Frameworks */,
				34A6642C1BDFBB9F00EF0FEA /* CoreLocation_PivotalSpecHelper.framework in Frameworks */,
			);
			runOnlyForDeploymentPostprocessing = 0;
		};
		AE3848D2168CD86000C99B55 /* Frameworks */ = {
			isa = PBXFrameworksBuildPhase;
			buildActionMask = 2147483647;
			files = (
				AE38499E168D058F00C99B55 /* libCoreLocation+PivotalSpecHelper-StaticLib.a in Frameworks */,
				AE384971168D04F300C99B55 /* CoreLocation.framework in Frameworks */,
				AE384963168D045400C99B55 /* libCedar.a in Frameworks */,
				AE3848DA168CD86000C99B55 /* UIKit.framework in Frameworks */,
				AE3848DC168CD86000C99B55 /* Foundation.framework in Frameworks */,
				AE3848DE168CD86000C99B55 /* CoreGraphics.framework in Frameworks */,
			);
			runOnlyForDeploymentPostprocessing = 0;
		};
		AE3848FC168CD8C800C99B55 /* Frameworks */ = {
			isa = PBXFrameworksBuildPhase;
			buildActionMask = 2147483647;
			files = (
				AE384954168CDA1500C99B55 /* CoreLocation.framework in Frameworks */,
			);
			runOnlyForDeploymentPostprocessing = 0;
		};
		AE384915168CD8D800C99B55 /* Frameworks */ = {
			isa = PBXFrameworksBuildPhase;
			buildActionMask = 2147483647;
			files = (
				AE384962168D033C00C99B55 /* CoreLocation.framework in Frameworks */,
				AE384948168CD9AA00C99B55 /* CoreLocation+PivotalSpecHelper.framework in Frameworks */,
				AE384944168CD91E00C99B55 /* Cedar.framework in Frameworks */,
				AE38491A168CD8D800C99B55 /* Foundation.framework in Frameworks */,
			);
			runOnlyForDeploymentPostprocessing = 0;
		};
		AE38498B168D053300C99B55 /* Frameworks */ = {
			isa = PBXFrameworksBuildPhase;
			buildActionMask = 2147483647;
			files = (
				AE38499A168D055A00C99B55 /* CoreLocation.framework in Frameworks */,
				AE38498F168D053300C99B55 /* Foundation.framework in Frameworks */,
			);
			runOnlyForDeploymentPostprocessing = 0;
		};
/* End PBXFrameworksBuildPhase section */

/* Begin PBXGroup section */
		AE3848CA168CD86000C99B55 = {
			isa = PBXGroup;
			children = (
				AE384949168CD9B600C99B55 /* SpecHelper */,
				AE384955168D030800C99B55 /* Spec */,
				AE3848D8168CD86000C99B55 /* Frameworks */,
				AE384925168CD8E500C99B55 /* Externals */,
				AE3848D6168CD86000C99B55 /* Products */,
			);
			sourceTree = "<group>";
		};
		AE3848D6168CD86000C99B55 /* Products */ = {
			isa = PBXGroup;
			children = (
				AE3848D5168CD86000C99B55 /* CoreLocation-StaticLibSpec.app */,
				AE384900168CD8C800C99B55 /* CoreLocation+PivotalSpecHelper.framework */,
				AE384918168CD8D800C99B55 /* CoreLocationSpec */,
				AE38498E168D053300C99B55 /* libCoreLocation+PivotalSpecHelper-StaticLib.a */,
				3466C06B1B97A2ED00CBAB59 /* CoreLocation-StaticLibSpecBundle.xctest */,
				34A663F21BDFB78300EF0FEA /* CoreLoation_PivotalSpecHelper.framework */,
				34A664141BDFB9B400EF0FEA /* CoreLocation_PivotalSpecHelper.framework */,
				34A664271BDFBB9E00EF0FEA /* CoreLocation-tvOS SpecBundle.xctest */,
			);
			name = Products;
			sourceTree = "<group>";
		};
		AE3848D8168CD86000C99B55 /* Frameworks */ = {
			isa = PBXGroup;
			children = (
				AE384953168CDA1500C99B55 /* CoreLocation.framework */,
				AE384970168D04F300C99B55 /* CoreLocation.framework */,
				34A664001BDFB96900EF0FEA /* CoreLocation.framework */,
				34A6641C1BDFB9F100EF0FEA /* CoreLocation.framework */,
				AE3848D9168CD86000C99B55 /* UIKit.framework */,
				AE3848DB168CD86000C99B55 /* Foundation.framework */,
				AE3848DD168CD86000C99B55 /* CoreGraphics.framework */,
			);
			name = Frameworks;
			sourceTree = "<group>";
		};
		AE384925168CD8E500C99B55 /* Externals */ = {
			isa = PBXGroup;
			children = (
				AE384926168CD8FB00C99B55 /* Cedar.xcodeproj */,
			);
			name = Externals;
			sourceTree = "<group>";
		};
		AE384927168CD8FB00C99B55 /* Products */ = {
			isa = PBXGroup;
			children = (
				AE384933168CD8FC00C99B55 /* Cedar.framework */,
				344569E31B98EBBB008A16A2 /* Cedar.framework */,
				AE5200041BCB323C006BA693 /* Cedar.framework */,
				AE5200061BCB323C006BA693 /* Cedar.framework */,
				AE384939168CD8FC00C99B55 /* libCedar.a */,
				AE384935168CD8FC00C99B55 /* Cedar-OSX Specs */,
				AE384937168CD8FC00C99B55 /* Cedar-OSX FocusedSpecs */,
				344569E51B98EBBB008A16A2 /* Cedar-iOS Specs.app */,
				AE38493B168CD8FC00C99B55 /* Cedar-iOS StaticLib Specs.app */,
				AED5718818C54B5E004AD37D /* Cedar-iOS StaticFrameworkSpecs.app */,
				AECAF90F1A0190BB002B4FD8 /* Cedar-OSX HostApp.app */,
				AE38493D168CD8FC00C99B55 /* Cedar-iOS HostApp.app */,
				AE5200081BCB323C006BA693 /* Cedar-watchOS HostApp.app */,
				AECAF9111A0190BB002B4FD8 /* Cedar-OSX SpecBundle.xctest */,
				AEEECC4A181F36B2006B52CD /* Cedar-iOS SpecBundle.xctest */,
				AE52000A1BCB323C006BA693 /* Cedar-watchOS Specs.app */,
				AE52000C1BCB323C006BA693 /* Cedar-watchOS Specs Extension.appex */,
				AE52000E1BCB323C006BA693 /* Cedar-tvOS SpecBundle.bundle */,
			);
			name = Products;
			sourceTree = "<group>";
		};
		AE384949168CD9B600C99B55 /* SpecHelper */ = {
			isa = PBXGroup;
			children = (
				AE38494C168CD9B600C99B55 /* Extensions */,
				AE38494B168CD9B600C99B55 /* CoreLocation+PivotalSpecHelper.h */,
			);
			path = SpecHelper;
			sourceTree = "<group>";
		};
		AE38494C168CD9B600C99B55 /* Extensions */ = {
			isa = PBXGroup;
			children = (
				AE38494D168CD9B600C99B55 /* CLGeocoder+Spec.h */,
				AE38494E168CD9B600C99B55 /* CLGeocoder+Spec.m */,
				8493636D1A958640005613BA /* CLLocationManager+Spec.h */,
				8493636E1A958640005613BA /* CLLocationManager+Spec.m */,
			);
			path = Extensions;
			sourceTree = "<group>";
		};
		AE384955168D030800C99B55 /* Spec */ = {
			isa = PBXGroup;
			children = (
				AE384956168D030800C99B55 /* Extensions */,
				AE384958168D030800C99B55 /* iOS */,
				AE38495C168D030800C99B55 /* OSX */,
			);
			path = Spec;
			sourceTree = "<group>";
		};
		AE384956168D030800C99B55 /* Extensions */ = {
			isa = PBXGroup;
			children = (
				AEC81173168D14FF00523186 /* CLGeocoderSpec+Spec.mm */,
				849363601A9585D2005613BA /* CLLocationManagerSpec+Spec.mm */,
			);
			path = Extensions;
			sourceTree = "<group>";
		};
		AE384958168D030800C99B55 /* iOS */ = {
			isa = PBXGroup;
			children = (
				AE118B0218D6BCE700C90D6B /* BundleSpecLoader.mm */,
				AEEECC4B181F36B6006B52CD /* Default-568h@2x.png */,
				AE38495B168D030800C99B55 /* main.m */,
			);
			path = iOS;
			sourceTree = "<group>";
		};
		AE38495C168D030800C99B55 /* OSX */ = {
			isa = PBXGroup;
			children = (
				AE38495D168D030800C99B55 /* main.mm */,
			);
			path = OSX;
			sourceTree = "<group>";
		};
/* End PBXGroup section */

/* Begin PBXHeadersBuildPhase section */
		34A663EF1BDFB78300EF0FEA /* Headers */ = {
			isa = PBXHeadersBuildPhase;
			buildActionMask = 2147483647;
			files = (
				34A663FD1BDFB8EE00EF0FEA /* CoreLocation+PivotalSpecHelper.h in Headers */,
				34A663FA1BDFB8D900EF0FEA /* CLGeocoder+Spec.h in Headers */,
				34A663FC1BDFB8E200EF0FEA /* CLLocationManager+Spec.h in Headers */,
			);
			runOnlyForDeploymentPostprocessing = 0;
		};
		34A664111BDFB9B400EF0FEA /* Headers */ = {
			isa = PBXHeadersBuildPhase;
			buildActionMask = 2147483647;
			files = (
				34A664201BDFBA8800EF0FEA /* CoreLocation+PivotalSpecHelper.h in Headers */,
				34A6641E1BDFBA7E00EF0FEA /* CLGeocoder+Spec.h in Headers */,
				34A6641F1BDFBA8400EF0FEA /* CLLocationManager+Spec.h in Headers */,
			);
			runOnlyForDeploymentPostprocessing = 0;
		};
		AE3848FD168CD8C800C99B55 /* Headers */ = {
			isa = PBXHeadersBuildPhase;
			buildActionMask = 2147483647;
			files = (
				AE384950168CD9B600C99B55 /* CoreLocation+PivotalSpecHelper.h in Headers */,
				AE384951168CD9B600C99B55 /* CLGeocoder+Spec.h in Headers */,
				34A663FB1BDFB8E100EF0FEA /* CLLocationManager+Spec.h in Headers */,
			);
			runOnlyForDeploymentPostprocessing = 0;
		};
/* End PBXHeadersBuildPhase section */

/* Begin PBXNativeTarget section */
		3466C06A1B97A2ED00CBAB59 /* CoreLocation-StaticLibSpecBundle */ = {
			isa = PBXNativeTarget;
			buildConfigurationList = 3466C0721B97A2ED00CBAB59 /* Build configuration list for PBXNativeTarget "CoreLocation-StaticLibSpecBundle" */;
			buildPhases = (
				3466C0671B97A2ED00CBAB59 /* Sources */,
			);
			buildRules = (
			);
			dependencies = (
				3466C0711B97A2ED00CBAB59 /* PBXTargetDependency */,
			);
			name = "CoreLocation-StaticLibSpecBundle";
			productName = "CoreLocation-StaticLibSpecBundle";
			productReference = 3466C06B1B97A2ED00CBAB59 /* CoreLocation-StaticLibSpecBundle.xctest */;
			productType = "com.apple.product-type.bundle.unit-test";
		};
		34A663F11BDFB78300EF0FEA /* CoreLocation+PivotalSpecHelper-watchOS */ = {
			isa = PBXNativeTarget;
			buildConfigurationList = 34A663F71BDFB78300EF0FEA /* Build configuration list for PBXNativeTarget "CoreLocation+PivotalSpecHelper-watchOS" */;
			buildPhases = (
				34A663ED1BDFB78300EF0FEA /* Sources */,
				34A663EE1BDFB78300EF0FEA /* Frameworks */,
				34A663EF1BDFB78300EF0FEA /* Headers */,
			);
			buildRules = (
			);
			dependencies = (
			);
			name = "CoreLocation+PivotalSpecHelper-watchOS";
			productName = "CoreLocation+PivotalSpecHelper-watchOS";
			productReference = 34A663F21BDFB78300EF0FEA /* CoreLoation_PivotalSpecHelper.framework */;
			productType = "com.apple.product-type.framework";
		};
		34A664131BDFB9B400EF0FEA /* CoreLocation+PivotalSpecHelper-tvOS */ = {
			isa = PBXNativeTarget;
			buildConfigurationList = 34A664191BDFB9B500EF0FEA /* Build configuration list for PBXNativeTarget "CoreLocation+PivotalSpecHelper-tvOS" */;
			buildPhases = (
				34A6640F1BDFB9B400EF0FEA /* Sources */,
				34A664101BDFB9B400EF0FEA /* Frameworks */,
				34A664111BDFB9B400EF0FEA /* Headers */,
			);
			buildRules = (
			);
			dependencies = (
			);
			name = "CoreLocation+PivotalSpecHelper-tvOS";
			productName = "CoreLocation+PivotalSpecHelper-tvOS";
			productReference = 34A664141BDFB9B400EF0FEA /* CoreLocation_PivotalSpecHelper.framework */;
			productType = "com.apple.product-type.framework";
		};
		34A664261BDFBB9E00EF0FEA /* CoreLocation-tvOS SpecBundle */ = {
			isa = PBXNativeTarget;
			buildConfigurationList = 34A6642F1BDFBB9F00EF0FEA /* Build configuration list for PBXNativeTarget "CoreLocation-tvOS SpecBundle" */;
			buildPhases = (
				34A664231BDFBB9E00EF0FEA /* Sources */,
				34A664241BDFBB9E00EF0FEA /* Frameworks */,
			);
			buildRules = (
			);
			dependencies = (
				34A6642E1BDFBB9F00EF0FEA /* PBXTargetDependency */,
			);
			name = "CoreLocation-tvOS SpecBundle";
			productName = "CoreLocation-tvOS SpecBundle";
			productReference = 34A664271BDFBB9E00EF0FEA /* CoreLocation-tvOS SpecBundle.xctest */;
			productType = "com.apple.product-type.bundle.unit-test";
		};
		AE3848D4168CD86000C99B55 /* CoreLocation-StaticLibSpec */ = {
			isa = PBXNativeTarget;
			buildConfigurationList = AE3848F3168CD86000C99B55 /* Build configuration list for PBXNativeTarget "CoreLocation-StaticLibSpec" */;
			buildPhases = (
				AE3848D1168CD86000C99B55 /* Sources */,
				AE3848D2168CD86000C99B55 /* Frameworks */,
				AE3848D3168CD86000C99B55 /* Resources */,
			);
			buildRules = (
			);
			dependencies = (
				AE38499D168D058A00C99B55 /* PBXTargetDependency */,
				AE384965168D046400C99B55 /* PBXTargetDependency */,
			);
			name = "CoreLocation-StaticLibSpec";
			productName = CoreLocation;
			productReference = AE3848D5168CD86000C99B55 /* CoreLocation-StaticLibSpec.app */;
			productType = "com.apple.product-type.application";
		};
		AE3848FF168CD8C800C99B55 /* CoreLocation+PivotalSpecHelper */ = {
			isa = PBXNativeTarget;
			buildConfigurationList = AE384911168CD8C800C99B55 /* Build configuration list for PBXNativeTarget "CoreLocation+PivotalSpecHelper" */;
			buildPhases = (
				AE3848FB168CD8C800C99B55 /* Sources */,
				AE3848FC168CD8C800C99B55 /* Frameworks */,
				AE3848FD168CD8C800C99B55 /* Headers */,
			);
			buildRules = (
			);
			dependencies = (
			);
			name = "CoreLocation+PivotalSpecHelper";
			productName = "CoreLocation+PivotalCore";
			productReference = AE384900168CD8C800C99B55 /* CoreLocation+PivotalSpecHelper.framework */;
			productType = "com.apple.product-type.framework";
		};
		AE384917168CD8D800C99B55 /* CoreLocationSpec */ = {
			isa = PBXNativeTarget;
			buildConfigurationList = AE384922168CD8D800C99B55 /* Build configuration list for PBXNativeTarget "CoreLocationSpec" */;
			buildPhases = (
				AE384914168CD8D800C99B55 /* Sources */,
				AE384915168CD8D800C99B55 /* Frameworks */,
				AE384916168CD8D800C99B55 /* CopyFiles */,
			);
			buildRules = (
			);
			dependencies = (
				AE384947168CD92500C99B55 /* PBXTargetDependency */,
				AE384943168CD90C00C99B55 /* PBXTargetDependency */,
			);
			name = CoreLocationSpec;
			productName = CoreLocationSpec;
			productReference = AE384918168CD8D800C99B55 /* CoreLocationSpec */;
			productType = "com.apple.product-type.tool";
		};
		AE38498D168D053300C99B55 /* CoreLocation+PivotalSpecHelper-StaticLib */ = {
			isa = PBXNativeTarget;
			buildConfigurationList = AE384997168D053300C99B55 /* Build configuration list for PBXNativeTarget "CoreLocation+PivotalSpecHelper-StaticLib" */;
			buildPhases = (
				AE38498A168D053300C99B55 /* Sources */,
				AE38498B168D053300C99B55 /* Frameworks */,
				AE38498C168D053300C99B55 /* CopyFiles */,
			);
			buildRules = (
			);
			dependencies = (
			);
			name = "CoreLocation+PivotalSpecHelper-StaticLib";
			productName = "CoreLocation+PivotalSpecHelper-StaticLib";
			productReference = AE38498E168D053300C99B55 /* libCoreLocation+PivotalSpecHelper-StaticLib.a */;
			productType = "com.apple.product-type.library.static";
		};
/* End PBXNativeTarget section */

/* Begin PBXProject section */
		AE3848CC168CD86000C99B55 /* Project object */ = {
			isa = PBXProject;
			attributes = {
				LastUpgradeCheck = 0710;
				ORGANIZATIONNAME = "Pivotal Labs";
				TargetAttributes = {
					3466C06A1B97A2ED00CBAB59 = {
						CreatedOnToolsVersion = 7.0;
						TestTargetID = AE3848D4168CD86000C99B55;
					};
					34A663F11BDFB78300EF0FEA = {
						CreatedOnToolsVersion = 7.1;
					};
					34A664131BDFB9B400EF0FEA = {
						CreatedOnToolsVersion = 7.1;
					};
					34A664261BDFBB9E00EF0FEA = {
						CreatedOnToolsVersion = 7.1;
					};
				};
			};
			buildConfigurationList = AE3848CF168CD86000C99B55 /* Build configuration list for PBXProject "CoreLocation" */;
			compatibilityVersion = "Xcode 3.2";
			developmentRegion = English;
			hasScannedForEncodings = 0;
			knownRegions = (
				en,
			);
			mainGroup = AE3848CA168CD86000C99B55;
			productRefGroup = AE3848D6168CD86000C99B55 /* Products */;
			projectDirPath = "";
			projectReferences = (
				{
					ProductGroup = AE384927168CD8FB00C99B55 /* Products */;
					ProjectRef = AE384926168CD8FB00C99B55 /* Cedar.xcodeproj */;
				},
			);
			projectRoot = "";
			targets = (
				AE3848FF168CD8C800C99B55 /* CoreLocation+PivotalSpecHelper */,
				AE38498D168D053300C99B55 /* CoreLocation+PivotalSpecHelper-StaticLib */,
				34A663F11BDFB78300EF0FEA /* CoreLocation+PivotalSpecHelper-watchOS */,
				34A664131BDFB9B400EF0FEA /* CoreLocation+PivotalSpecHelper-tvOS */,
				AE384917168CD8D800C99B55 /* CoreLocationSpec */,
				AE3848D4168CD86000C99B55 /* CoreLocation-StaticLibSpec */,
				3466C06A1B97A2ED00CBAB59 /* CoreLocation-StaticLibSpecBundle */,
				34A664261BDFBB9E00EF0FEA /* CoreLocation-tvOS SpecBundle */,
			);
		};
/* End PBXProject section */

/* Begin PBXReferenceProxy section */
		344569E31B98EBBB008A16A2 /* Cedar.framework */ = {
			isa = PBXReferenceProxy;
			fileType = wrapper.framework;
			path = Cedar.framework;
			remoteRef = 344569E21B98EBBB008A16A2 /* PBXContainerItemProxy */;
			sourceTree = BUILT_PRODUCTS_DIR;
		};
		344569E51B98EBBB008A16A2 /* Cedar-iOS Specs.app */ = {
			isa = PBXReferenceProxy;
			fileType = wrapper.application;
			path = "Cedar-iOS Specs.app";
			remoteRef = 344569E41B98EBBB008A16A2 /* PBXContainerItemProxy */;
			sourceTree = BUILT_PRODUCTS_DIR;
		};
		AE384933168CD8FC00C99B55 /* Cedar.framework */ = {
			isa = PBXReferenceProxy;
			fileType = wrapper.framework;
			path = Cedar.framework;
			remoteRef = AE384932168CD8FC00C99B55 /* PBXContainerItemProxy */;
			sourceTree = BUILT_PRODUCTS_DIR;
		};
		AE384935168CD8FC00C99B55 /* Cedar-OSX Specs */ = {
			isa = PBXReferenceProxy;
			fileType = "compiled.mach-o.executable";
			path = "Cedar-OSX Specs";
			remoteRef = AE384934168CD8FC00C99B55 /* PBXContainerItemProxy */;
			sourceTree = BUILT_PRODUCTS_DIR;
		};
		AE384937168CD8FC00C99B55 /* Cedar-OSX FocusedSpecs */ = {
			isa = PBXReferenceProxy;
			fileType = "compiled.mach-o.executable";
			path = "Cedar-OSX FocusedSpecs";
			remoteRef = AE384936168CD8FC00C99B55 /* PBXContainerItemProxy */;
			sourceTree = BUILT_PRODUCTS_DIR;
		};
		AE384939168CD8FC00C99B55 /* libCedar.a */ = {
			isa = PBXReferenceProxy;
			fileType = archive.ar;
			path = libCedar.a;
			remoteRef = AE384938168CD8FC00C99B55 /* PBXContainerItemProxy */;
			sourceTree = BUILT_PRODUCTS_DIR;
		};
		AE38493B168CD8FC00C99B55 /* Cedar-iOS StaticLib Specs.app */ = {
			isa = PBXReferenceProxy;
			fileType = wrapper.application;
			path = "Cedar-iOS StaticLib Specs.app";
			remoteRef = AE38493A168CD8FC00C99B55 /* PBXContainerItemProxy */;
			sourceTree = BUILT_PRODUCTS_DIR;
		};
		AE38493D168CD8FC00C99B55 /* Cedar-iOS HostApp.app */ = {
			isa = PBXReferenceProxy;
			fileType = wrapper.application;
			path = "Cedar-iOS HostApp.app";
			remoteRef = AE38493C168CD8FC00C99B55 /* PBXContainerItemProxy */;
			sourceTree = BUILT_PRODUCTS_DIR;
		};
		AE5200041BCB323C006BA693 /* Cedar.framework */ = {
			isa = PBXReferenceProxy;
			fileType = wrapper.framework;
			path = Cedar.framework;
			remoteRef = AE5200031BCB323C006BA693 /* PBXContainerItemProxy */;
			sourceTree = BUILT_PRODUCTS_DIR;
		};
		AE5200061BCB323C006BA693 /* Cedar.framework */ = {
			isa = PBXReferenceProxy;
			fileType = wrapper.framework;
			path = Cedar.framework;
			remoteRef = AE5200051BCB323C006BA693 /* PBXContainerItemProxy */;
			sourceTree = BUILT_PRODUCTS_DIR;
		};
		AE5200081BCB323C006BA693 /* Cedar-watchOS HostApp.app */ = {
			isa = PBXReferenceProxy;
			fileType = wrapper.application;
			path = "Cedar-watchOS HostApp.app";
			remoteRef = AE5200071BCB323C006BA693 /* PBXContainerItemProxy */;
			sourceTree = BUILT_PRODUCTS_DIR;
		};
		AE52000A1BCB323C006BA693 /* Cedar-watchOS Specs.app */ = {
			isa = PBXReferenceProxy;
			fileType = wrapper.application;
			path = "Cedar-watchOS Specs.app";
			remoteRef = AE5200091BCB323C006BA693 /* PBXContainerItemProxy */;
			sourceTree = BUILT_PRODUCTS_DIR;
		};
		AE52000C1BCB323C006BA693 /* Cedar-watchOS Specs Extension.appex */ = {
			isa = PBXReferenceProxy;
			fileType = "wrapper.app-extension";
			path = "Cedar-watchOS Specs Extension.appex";
			remoteRef = AE52000B1BCB323C006BA693 /* PBXContainerItemProxy */;
			sourceTree = BUILT_PRODUCTS_DIR;
		};
		AE52000E1BCB323C006BA693 /* Cedar-tvOS SpecBundle.bundle */ = {
			isa = PBXReferenceProxy;
			fileType = wrapper.cfbundle;
			path = "Cedar-tvOS SpecBundle.bundle";
			remoteRef = AE52000D1BCB323C006BA693 /* PBXContainerItemProxy */;
			sourceTree = BUILT_PRODUCTS_DIR;
		};
		AECAF90F1A0190BB002B4FD8 /* Cedar-OSX HostApp.app */ = {
			isa = PBXReferenceProxy;
			fileType = wrapper.application;
			path = "Cedar-OSX HostApp.app";
			remoteRef = AECAF90E1A0190BB002B4FD8 /* PBXContainerItemProxy */;
			sourceTree = BUILT_PRODUCTS_DIR;
		};
		AECAF9111A0190BB002B4FD8 /* Cedar-OSX SpecBundle.xctest */ = {
			isa = PBXReferenceProxy;
			fileType = wrapper.cfbundle;
			path = "Cedar-OSX SpecBundle.xctest";
			remoteRef = AECAF9101A0190BB002B4FD8 /* PBXContainerItemProxy */;
			sourceTree = BUILT_PRODUCTS_DIR;
		};
		AED5718818C54B5E004AD37D /* Cedar-iOS StaticFrameworkSpecs.app */ = {
			isa = PBXReferenceProxy;
			fileType = wrapper.application;
			path = "Cedar-iOS StaticFrameworkSpecs.app";
			remoteRef = AED5718718C54B5E004AD37D /* PBXContainerItemProxy */;
			sourceTree = BUILT_PRODUCTS_DIR;
		};
		AEEECC4A181F36B2006B52CD /* Cedar-iOS SpecBundle.xctest */ = {
			isa = PBXReferenceProxy;
			fileType = wrapper.cfbundle;
			path = "Cedar-iOS SpecBundle.xctest";
			remoteRef = AEEECC49181F36B2006B52CD /* PBXContainerItemProxy */;
			sourceTree = BUILT_PRODUCTS_DIR;
		};
/* End PBXReferenceProxy section */

/* Begin PBXResourcesBuildPhase section */
		AE3848D3168CD86000C99B55 /* Resources */ = {
			isa = PBXResourcesBuildPhase;
			buildActionMask = 2147483647;
			files = (
				AEEECC4C181F36B6006B52CD /* Default-568h@2x.png in Resources */,
			);
			runOnlyForDeploymentPostprocessing = 0;
		};
/* End PBXResourcesBuildPhase section */

/* Begin PBXSourcesBuildPhase section */
		3466C0671B97A2ED00CBAB59 /* Sources */ = {
			isa = PBXSourcesBuildPhase;
			buildActionMask = 2147483647;
			files = (
				3466C0751B97A31F00CBAB59 /* BundleSpecLoader.mm in Sources */,
			);
			runOnlyForDeploymentPostprocessing = 0;
		};
		34A663ED1BDFB78300EF0FEA /* Sources */ = {
			isa = PBXSourcesBuildPhase;
			buildActionMask = 2147483647;
			files = (
				34A663FF1BDFB8F600EF0FEA /* CLLocationManager+Spec.m in Sources */,
				34A663FE1BDFB8F300EF0FEA /* CLGeocoder+Spec.m in Sources */,
			);
			runOnlyForDeploymentPostprocessing = 0;
		};
		34A6640F1BDFB9B400EF0FEA /* Sources */ = {
			isa = PBXSourcesBuildPhase;
			buildActionMask = 2147483647;
			files = (
				34A664221BDFBA8F00EF0FEA /* CLLocationManager+Spec.m in Sources */,
				34A664211BDFBA8D00EF0FEA /* CLGeocoder+Spec.m in Sources */,
			);
			runOnlyForDeploymentPostprocessing = 0;
		};
		34A664231BDFBB9E00EF0FEA /* Sources */ = {
			isa = PBXSourcesBuildPhase;
			buildActionMask = 2147483647;
			files = (
				34A664321BDFBC5600EF0FEA /* CLGeocoderSpec+Spec.mm in Sources */,
				34A664331BDFBC5600EF0FEA /* CLLocationManagerSpec+Spec.mm in Sources */,
			);
			runOnlyForDeploymentPostprocessing = 0;
		};
		AE3848D1168CD86000C99B55 /* Sources */ = {
			isa = PBXSourcesBuildPhase;
			buildActionMask = 2147483647;
			files = (
				AE384961168D032300C99B55 /* main.m in Sources */,
				AE49474D168D15C9006F3B70 /* CLGeocoderSpec+Spec.mm in Sources */,
				8493636C1A9585E2005613BA /* CLLocationManagerSpec+Spec.mm in Sources */,
			);
			runOnlyForDeploymentPostprocessing = 0;
		};
		AE3848FB168CD8C800C99B55 /* Sources */ = {
			isa = PBXSourcesBuildPhase;
			buildActionMask = 2147483647;
			files = (
				849363C01A9758D5005613BA /* CLLocationManager+Spec.m in Sources */,
				AE384952168CD9B600C99B55 /* CLGeocoder+Spec.m in Sources */,
			);
			runOnlyForDeploymentPostprocessing = 0;
		};
		AE384914168CD8D800C99B55 /* Sources */ = {
			isa = PBXSourcesBuildPhase;
			buildActionMask = 2147483647;
			files = (
				849363731A9588AD005613BA /* CLLocationManagerSpec+Spec.mm in Sources */,
				AE384960168D030800C99B55 /* main.mm in Sources */,
				AE494744168D15C8006F3B70 /* CLGeocoderSpec+Spec.mm in Sources */,
			);
			runOnlyForDeploymentPostprocessing = 0;
		};
		AE38498A168D053300C99B55 /* Sources */ = {
			isa = PBXSourcesBuildPhase;
			buildActionMask = 2147483647;
			files = (
				849363C11A9758EE005613BA /* CLLocationManager+Spec.m in Sources */,
				AE38499B168D056600C99B55 /* CLGeocoder+Spec.m in Sources */,
			);
			runOnlyForDeploymentPostprocessing = 0;
		};
/* End PBXSourcesBuildPhase section */

/* Begin PBXTargetDependency section */
		3466C0711B97A2ED00CBAB59 /* PBXTargetDependency */ = {
			isa = PBXTargetDependency;
			target = AE3848D4168CD86000C99B55 /* CoreLocation-StaticLibSpec */;
			targetProxy = 3466C0701B97A2ED00CBAB59 /* PBXContainerItemProxy */;
		};
		34A6642E1BDFBB9F00EF0FEA /* PBXTargetDependency */ = {
			isa = PBXTargetDependency;
			target = 34A664131BDFB9B400EF0FEA /* CoreLocation+PivotalSpecHelper-tvOS */;
			targetProxy = 34A6642D1BDFBB9F00EF0FEA /* PBXContainerItemProxy */;
		};
		AE384943168CD90C00C99B55 /* PBXTargetDependency */ = {
			isa = PBXTargetDependency;
			name = Cedar;
			targetProxy = AE384942168CD90C00C99B55 /* PBXContainerItemProxy */;
		};
		AE384947168CD92500C99B55 /* PBXTargetDependency */ = {
			isa = PBXTargetDependency;
			target = AE3848FF168CD8C800C99B55 /* CoreLocation+PivotalSpecHelper */;
			targetProxy = AE384946168CD92500C99B55 /* PBXContainerItemProxy */;
		};
		AE384965168D046400C99B55 /* PBXTargetDependency */ = {
			isa = PBXTargetDependency;
			name = "Cedar-StaticLib";
			targetProxy = AE384964168D046400C99B55 /* PBXContainerItemProxy */;
		};
		AE38499D168D058A00C99B55 /* PBXTargetDependency */ = {
			isa = PBXTargetDependency;
			target = AE38498D168D053300C99B55 /* CoreLocation+PivotalSpecHelper-StaticLib */;
			targetProxy = AE38499C168D058A00C99B55 /* PBXContainerItemProxy */;
		};
/* End PBXTargetDependency section */

/* Begin XCBuildConfiguration section */
		3466C0731B97A2ED00CBAB59 /* Debug */ = {
			isa = XCBuildConfiguration;
			buildSettings = {
				BUNDLE_LOADER = "$(TEST_HOST)";
				CLANG_ENABLE_MODULES = YES;
				CLANG_ENABLE_OBJC_ARC = YES;
				CLANG_WARN_BOOL_CONVERSION = YES;
				CLANG_WARN_CONSTANT_CONVERSION = YES;
				CLANG_WARN_DIRECT_OBJC_ISA_USAGE = YES_ERROR;
				CLANG_WARN_ENUM_CONVERSION = YES;
				CLANG_WARN_INT_CONVERSION = YES;
				CLANG_WARN_OBJC_ROOT_CLASS = YES_ERROR;
				CLANG_WARN_UNREACHABLE_CODE = YES;
				ENABLE_STRICT_OBJC_MSGSEND = YES;
				GCC_NO_COMMON_BLOCKS = YES;
				GCC_WARN_64_TO_32_BIT_CONVERSION = YES;
				GCC_WARN_ABOUT_RETURN_TYPE = YES_ERROR;
				GCC_WARN_UNINITIALIZED_AUTOS = YES_AGGRESSIVE;
				GCC_WARN_UNUSED_FUNCTION = YES;
				HEADER_SEARCH_PATHS = "$(PROJECT_DIR)/../Externals/Cedar/**";
				INFOPLIST_FILE = "../InfoPlist/SpecBundle-Info.plist";
				LD_RUNPATH_SEARCH_PATHS = "$(inherited) @executable_path/Frameworks @loader_path/Frameworks";
				MTL_ENABLE_DEBUG_INFO = YES;
				PRODUCT_BUNDLE_IDENTIFIER = "com.pivotallabs.PivotalCoreKit.CoreLocation-StaticLibSpecBundle";
				PRODUCT_NAME = "$(TARGET_NAME)";
				TEST_HOST = "$(BUILT_PRODUCTS_DIR)/CoreLocation-StaticLibSpec.app/CoreLocation-StaticLibSpec";
			};
			name = Debug;
		};
		3466C0741B97A2ED00CBAB59 /* Release */ = {
			isa = XCBuildConfiguration;
			buildSettings = {
				BUNDLE_LOADER = "$(TEST_HOST)";
				CLANG_ENABLE_MODULES = YES;
				CLANG_ENABLE_OBJC_ARC = YES;
				CLANG_WARN_BOOL_CONVERSION = YES;
				CLANG_WARN_CONSTANT_CONVERSION = YES;
				CLANG_WARN_DIRECT_OBJC_ISA_USAGE = YES_ERROR;
				CLANG_WARN_ENUM_CONVERSION = YES;
				CLANG_WARN_INT_CONVERSION = YES;
				CLANG_WARN_OBJC_ROOT_CLASS = YES_ERROR;
				CLANG_WARN_UNREACHABLE_CODE = YES;
				COPY_PHASE_STRIP = NO;
				ENABLE_NS_ASSERTIONS = NO;
				ENABLE_STRICT_OBJC_MSGSEND = YES;
				GCC_NO_COMMON_BLOCKS = YES;
				GCC_WARN_64_TO_32_BIT_CONVERSION = YES;
				GCC_WARN_ABOUT_RETURN_TYPE = YES_ERROR;
				GCC_WARN_UNINITIALIZED_AUTOS = YES_AGGRESSIVE;
				GCC_WARN_UNUSED_FUNCTION = YES;
				HEADER_SEARCH_PATHS = "$(PROJECT_DIR)/../Externals/Cedar/**";
				INFOPLIST_FILE = "../InfoPlist/SpecBundle-Info.plist";
				LD_RUNPATH_SEARCH_PATHS = "$(inherited) @executable_path/Frameworks @loader_path/Frameworks";
				MTL_ENABLE_DEBUG_INFO = NO;
				PRODUCT_BUNDLE_IDENTIFIER = "com.pivotallabs.PivotalCoreKit.CoreLocation-StaticLibSpecBundle";
				PRODUCT_NAME = "$(TARGET_NAME)";
				TEST_HOST = "$(BUILT_PRODUCTS_DIR)/CoreLocation-StaticLibSpec.app/CoreLocation-StaticLibSpec";
			};
			name = Release;
		};
		34A663F81BDFB78300EF0FEA /* Debug */ = {
			isa = XCBuildConfiguration;
			buildSettings = {
				APPLICATION_EXTENSION_API_ONLY = YES;
				CLANG_ENABLE_MODULES = YES;
				CLANG_WARN_BOOL_CONVERSION = YES;
				CLANG_WARN_CONSTANT_CONVERSION = YES;
				CLANG_WARN_DIRECT_OBJC_ISA_USAGE = YES_ERROR;
				CLANG_WARN_ENUM_CONVERSION = YES;
				CLANG_WARN_INT_CONVERSION = YES;
				CLANG_WARN_OBJC_ROOT_CLASS = YES_ERROR;
				CLANG_WARN_UNREACHABLE_CODE = YES;
				CURRENT_PROJECT_VERSION = 1;
				DEFINES_MODULE = YES;
				DYLIB_COMPATIBILITY_VERSION = 1;
				DYLIB_CURRENT_VERSION = 1;
				DYLIB_INSTALL_NAME_BASE = "@rpath";
				ENABLE_STRICT_OBJC_MSGSEND = YES;
				GCC_NO_COMMON_BLOCKS = YES;
				GCC_WARN_64_TO_32_BIT_CONVERSION = YES;
				GCC_WARN_ABOUT_RETURN_TYPE = YES_ERROR;
				GCC_WARN_UNINITIALIZED_AUTOS = YES_AGGRESSIVE;
				GCC_WARN_UNUSED_FUNCTION = YES;
				INFOPLIST_FILE = "../InfoPlist/Framework-Info.plist";
				INSTALL_PATH = "$(LOCAL_LIBRARY_DIR)/Frameworks";
				LD_RUNPATH_SEARCH_PATHS = "$(inherited) @executable_path/Frameworks @loader_path/Frameworks";
				MODULEMAP_FILE = "SpecHelper/CoreLocation+PivotalSpecHelper.modulemap";
				PRODUCT_BUNDLE_IDENTIFIER = "io.pivotal.CoreLocation-PivotalSpecHelper";
				PRODUCT_NAME = CoreLoation_PivotalSpecHelper;
				SDKROOT = watchos;
				SKIP_INSTALL = YES;
				TARGETED_DEVICE_FAMILY = 4;
				VERSIONING_SYSTEM = "apple-generic";
				VERSION_INFO_PREFIX = "";
				WATCHOS_DEPLOYMENT_TARGET = 2.0;
			};
			name = Debug;
		};
		34A663F91BDFB78300EF0FEA /* Release */ = {
			isa = XCBuildConfiguration;
			buildSettings = {
				APPLICATION_EXTENSION_API_ONLY = YES;
				CLANG_ENABLE_MODULES = YES;
				CLANG_WARN_BOOL_CONVERSION = YES;
				CLANG_WARN_CONSTANT_CONVERSION = YES;
				CLANG_WARN_DIRECT_OBJC_ISA_USAGE = YES_ERROR;
				CLANG_WARN_ENUM_CONVERSION = YES;
				CLANG_WARN_INT_CONVERSION = YES;
				CLANG_WARN_OBJC_ROOT_CLASS = YES_ERROR;
				CLANG_WARN_UNREACHABLE_CODE = YES;
				COPY_PHASE_STRIP = NO;
				CURRENT_PROJECT_VERSION = 1;
				DEFINES_MODULE = YES;
				DYLIB_COMPATIBILITY_VERSION = 1;
				DYLIB_CURRENT_VERSION = 1;
				DYLIB_INSTALL_NAME_BASE = "@rpath";
				ENABLE_NS_ASSERTIONS = NO;
				ENABLE_STRICT_OBJC_MSGSEND = YES;
				GCC_NO_COMMON_BLOCKS = YES;
				GCC_WARN_64_TO_32_BIT_CONVERSION = YES;
				GCC_WARN_ABOUT_RETURN_TYPE = YES_ERROR;
				GCC_WARN_UNINITIALIZED_AUTOS = YES_AGGRESSIVE;
				GCC_WARN_UNUSED_FUNCTION = YES;
				INFOPLIST_FILE = "../InfoPlist/Framework-Info.plist";
				INSTALL_PATH = "$(LOCAL_LIBRARY_DIR)/Frameworks";
				LD_RUNPATH_SEARCH_PATHS = "$(inherited) @executable_path/Frameworks @loader_path/Frameworks";
				MODULEMAP_FILE = "SpecHelper/CoreLocation+PivotalSpecHelper.modulemap";
				PRODUCT_BUNDLE_IDENTIFIER = "io.pivotal.CoreLocation-PivotalSpecHelper";
				PRODUCT_NAME = CoreLoation_PivotalSpecHelper;
				SDKROOT = watchos;
				SKIP_INSTALL = YES;
				TARGETED_DEVICE_FAMILY = 4;
				VERSIONING_SYSTEM = "apple-generic";
				VERSION_INFO_PREFIX = "";
				WATCHOS_DEPLOYMENT_TARGET = 2.0;
			};
			name = Release;
		};
		34A6641A1BDFB9B500EF0FEA /* Debug */ = {
			isa = XCBuildConfiguration;
			buildSettings = {
				CLANG_ENABLE_MODULES = YES;
				CLANG_WARN_BOOL_CONVERSION = YES;
				CLANG_WARN_CONSTANT_CONVERSION = YES;
				CLANG_WARN_DIRECT_OBJC_ISA_USAGE = YES_ERROR;
				CLANG_WARN_ENUM_CONVERSION = YES;
				CLANG_WARN_INT_CONVERSION = YES;
				CLANG_WARN_OBJC_ROOT_CLASS = YES_ERROR;
				CLANG_WARN_UNREACHABLE_CODE = YES;
				CURRENT_PROJECT_VERSION = 1;
				DEFINES_MODULE = YES;
				DYLIB_COMPATIBILITY_VERSION = 1;
				DYLIB_CURRENT_VERSION = 1;
				DYLIB_INSTALL_NAME_BASE = "@rpath";
				ENABLE_STRICT_OBJC_MSGSEND = YES;
				GCC_NO_COMMON_BLOCKS = YES;
				GCC_WARN_64_TO_32_BIT_CONVERSION = YES;
				GCC_WARN_ABOUT_RETURN_TYPE = YES_ERROR;
				GCC_WARN_UNINITIALIZED_AUTOS = YES_AGGRESSIVE;
				GCC_WARN_UNUSED_FUNCTION = YES;
				INFOPLIST_FILE = "../InfoPlist/Framework-Info.plist";
				INSTALL_PATH = "$(LOCAL_LIBRARY_DIR)/Frameworks";
				LD_RUNPATH_SEARCH_PATHS = "$(inherited) @executable_path/Frameworks @loader_path/Frameworks";
				MODULEMAP_FILE = "SpecHelper/CoreLocation+PivotalSpecHelper.modulemap";
				PRODUCT_BUNDLE_IDENTIFIER = "io.pivotal.CoreLocation-PivotalSpecHelper";
				PRODUCT_NAME = CoreLocation_PivotalSpecHelper;
				SDKROOT = appletvos;
				SKIP_INSTALL = YES;
				TARGETED_DEVICE_FAMILY = 3;
				TVOS_DEPLOYMENT_TARGET = 9.0;
				VERSIONING_SYSTEM = "apple-generic";
				VERSION_INFO_PREFIX = "";
			};
			name = Debug;
		};
		34A6641B1BDFB9B500EF0FEA /* Release */ = {
			isa = XCBuildConfiguration;
			buildSettings = {
				CLANG_ENABLE_MODULES = YES;
				CLANG_WARN_BOOL_CONVERSION = YES;
				CLANG_WARN_CONSTANT_CONVERSION = YES;
				CLANG_WARN_DIRECT_OBJC_ISA_USAGE = YES_ERROR;
				CLANG_WARN_ENUM_CONVERSION = YES;
				CLANG_WARN_INT_CONVERSION = YES;
				CLANG_WARN_OBJC_ROOT_CLASS = YES_ERROR;
				CLANG_WARN_UNREACHABLE_CODE = YES;
				COPY_PHASE_STRIP = NO;
				CURRENT_PROJECT_VERSION = 1;
				DEFINES_MODULE = YES;
				DYLIB_COMPATIBILITY_VERSION = 1;
				DYLIB_CURRENT_VERSION = 1;
				DYLIB_INSTALL_NAME_BASE = "@rpath";
				ENABLE_NS_ASSERTIONS = NO;
				ENABLE_STRICT_OBJC_MSGSEND = YES;
				GCC_NO_COMMON_BLOCKS = YES;
				GCC_WARN_64_TO_32_BIT_CONVERSION = YES;
				GCC_WARN_ABOUT_RETURN_TYPE = YES_ERROR;
				GCC_WARN_UNINITIALIZED_AUTOS = YES_AGGRESSIVE;
				GCC_WARN_UNUSED_FUNCTION = YES;
				INFOPLIST_FILE = "../InfoPlist/Framework-Info.plist";
				INSTALL_PATH = "$(LOCAL_LIBRARY_DIR)/Frameworks";
				LD_RUNPATH_SEARCH_PATHS = "$(inherited) @executable_path/Frameworks @loader_path/Frameworks";
				MODULEMAP_FILE = "SpecHelper/CoreLocation+PivotalSpecHelper.modulemap";
				PRODUCT_BUNDLE_IDENTIFIER = "io.pivotal.CoreLocation-PivotalSpecHelper";
				PRODUCT_NAME = CoreLocation_PivotalSpecHelper;
				SDKROOT = appletvos;
				SKIP_INSTALL = YES;
				TARGETED_DEVICE_FAMILY = 3;
				TVOS_DEPLOYMENT_TARGET = 9.0;
				VERSIONING_SYSTEM = "apple-generic";
				VERSION_INFO_PREFIX = "";
			};
			name = Release;
		};
		34A664301BDFBB9F00EF0FEA /* Debug */ = {
			isa = XCBuildConfiguration;
			buildSettings = {
				CLANG_ENABLE_MODULES = YES;
				CLANG_WARN_BOOL_CONVERSION = YES;
				CLANG_WARN_CONSTANT_CONVERSION = YES;
				CLANG_WARN_DIRECT_OBJC_ISA_USAGE = YES_ERROR;
				CLANG_WARN_ENUM_CONVERSION = YES;
				CLANG_WARN_INT_CONVERSION = YES;
				CLANG_WARN_OBJC_ROOT_CLASS = YES_ERROR;
				CLANG_WARN_UNREACHABLE_CODE = YES;
				ENABLE_STRICT_OBJC_MSGSEND = YES;
				GCC_NO_COMMON_BLOCKS = YES;
				GCC_WARN_64_TO_32_BIT_CONVERSION = YES;
				GCC_WARN_ABOUT_RETURN_TYPE = YES_ERROR;
				GCC_WARN_UNINITIALIZED_AUTOS = YES_AGGRESSIVE;
				GCC_WARN_UNUSED_FUNCTION = YES;
				INFOPLIST_FILE = "../InfoPlist/SpecBundle-Info.plist";
				LD_RUNPATH_SEARCH_PATHS = "$(inherited) @executable_path/Frameworks @loader_path/Frameworks";
				PRODUCT_BUNDLE_IDENTIFIER = "io.pivotal.CoreLocation-tvOS-SpecBundle";
				PRODUCT_NAME = "$(TARGET_NAME)";
				SDKROOT = appletvos;
				TVOS_DEPLOYMENT_TARGET = 9.0;
			};
			name = Debug;
		};
		34A664311BDFBB9F00EF0FEA /* Release */ = {
			isa = XCBuildConfiguration;
			buildSettings = {
				CLANG_ENABLE_MODULES = YES;
				CLANG_WARN_BOOL_CONVERSION = YES;
				CLANG_WARN_CONSTANT_CONVERSION = YES;
				CLANG_WARN_DIRECT_OBJC_ISA_USAGE = YES_ERROR;
				CLANG_WARN_ENUM_CONVERSION = YES;
				CLANG_WARN_INT_CONVERSION = YES;
				CLANG_WARN_OBJC_ROOT_CLASS = YES_ERROR;
				CLANG_WARN_UNREACHABLE_CODE = YES;
				COPY_PHASE_STRIP = NO;
				ENABLE_NS_ASSERTIONS = NO;
				ENABLE_STRICT_OBJC_MSGSEND = YES;
				GCC_NO_COMMON_BLOCKS = YES;
				GCC_WARN_64_TO_32_BIT_CONVERSION = YES;
				GCC_WARN_ABOUT_RETURN_TYPE = YES_ERROR;
				GCC_WARN_UNINITIALIZED_AUTOS = YES_AGGRESSIVE;
				GCC_WARN_UNUSED_FUNCTION = YES;
				INFOPLIST_FILE = "../InfoPlist/SpecBundle-Info.plist";
				LD_RUNPATH_SEARCH_PATHS = "$(inherited) @executable_path/Frameworks @loader_path/Frameworks";
				PRODUCT_BUNDLE_IDENTIFIER = "io.pivotal.CoreLocation-tvOS-SpecBundle";
				PRODUCT_NAME = "$(TARGET_NAME)";
				SDKROOT = appletvos;
				TVOS_DEPLOYMENT_TARGET = 9.0;
			};
			name = Release;
		};
		AE3848F1168CD86000C99B55 /* Debug */ = {
			isa = XCBuildConfiguration;
			buildSettings = {
				ALWAYS_SEARCH_USER_PATHS = NO;
				CLANG_CXX_LANGUAGE_STANDARD = "gnu++0x";
				CLANG_CXX_LIBRARY = "libc++";
				CLANG_WARN_EMPTY_BODY = YES;
				CLANG_WARN__DUPLICATE_METHOD_MATCH = YES;
				"CODE_SIGN_IDENTITY[sdk=iphoneos*]" = "iPhone Developer";
				COPY_PHASE_STRIP = NO;
				GCC_C_LANGUAGE_STANDARD = gnu99;
				GCC_DYNAMIC_NO_PIC = NO;
				GCC_OPTIMIZATION_LEVEL = 0;
				GCC_PREPROCESSOR_DEFINITIONS = (
					"DEBUG=1",
					"$(inherited)",
				);
				GCC_SYMBOLS_PRIVATE_EXTERN = NO;
				GCC_TREAT_WARNINGS_AS_ERRORS = YES;
				GCC_WARN_ABOUT_RETURN_TYPE = YES;
				GCC_WARN_UNDECLARED_SELECTOR = YES;
				GCC_WARN_UNINITIALIZED_AUTOS = YES;
				GCC_WARN_UNUSED_VARIABLE = YES;
				IPHONEOS_DEPLOYMENT_TARGET = 6.0;
				ONLY_ACTIVE_ARCH = YES;
				SDKROOT = iphoneos;
				TARGETED_DEVICE_FAMILY = "1,2";
			};
			name = Debug;
		};
		AE3848F2168CD86000C99B55 /* Release */ = {
			isa = XCBuildConfiguration;
			buildSettings = {
				ALWAYS_SEARCH_USER_PATHS = NO;
				CLANG_CXX_LANGUAGE_STANDARD = "gnu++0x";
				CLANG_CXX_LIBRARY = "libc++";
				CLANG_WARN_EMPTY_BODY = YES;
				CLANG_WARN__DUPLICATE_METHOD_MATCH = YES;
				"CODE_SIGN_IDENTITY[sdk=iphoneos*]" = "iPhone Developer";
				COPY_PHASE_STRIP = YES;
				GCC_C_LANGUAGE_STANDARD = gnu99;
				GCC_TREAT_WARNINGS_AS_ERRORS = YES;
				GCC_WARN_ABOUT_RETURN_TYPE = YES;
				GCC_WARN_UNDECLARED_SELECTOR = YES;
				GCC_WARN_UNINITIALIZED_AUTOS = YES;
				GCC_WARN_UNUSED_VARIABLE = YES;
				IPHONEOS_DEPLOYMENT_TARGET = 6.0;
				OTHER_CFLAGS = "-DNS_BLOCK_ASSERTIONS=1";
				SDKROOT = iphoneos;
				TARGETED_DEVICE_FAMILY = "1,2";
				VALIDATE_PRODUCT = YES;
			};
			name = Release;
		};
		AE3848F4168CD86000C99B55 /* Debug */ = {
			isa = XCBuildConfiguration;
			buildSettings = {
				GCC_PRECOMPILE_PREFIX_HEADER = YES;
				HEADER_SEARCH_PATHS = "$SRCROOT/../Externals/Cedar/**";
				INFOPLIST_FILE = "../InfoPlist/SpecHost-Info.plist";
				IPHONEOS_DEPLOYMENT_TARGET = 5.0;
				OTHER_LDFLAGS = "-ObjC";
				PRODUCT_BUNDLE_IDENTIFIER = "com.pivotallabs.${PRODUCT_NAME:rfc1034identifier}";
				PRODUCT_NAME = "$(TARGET_NAME)";
				WRAPPER_EXTENSION = app;
			};
			name = Debug;
		};
		AE3848F5168CD86000C99B55 /* Release */ = {
			isa = XCBuildConfiguration;
			buildSettings = {
				GCC_PRECOMPILE_PREFIX_HEADER = YES;
				HEADER_SEARCH_PATHS = "$SRCROOT/../Externals/Cedar/**";
				INFOPLIST_FILE = "../InfoPlist/SpecHost-Info.plist";
				IPHONEOS_DEPLOYMENT_TARGET = 5.0;
				OTHER_LDFLAGS = "-ObjC";
				PRODUCT_BUNDLE_IDENTIFIER = "com.pivotallabs.${PRODUCT_NAME:rfc1034identifier}";
				PRODUCT_NAME = "$(TARGET_NAME)";
				WRAPPER_EXTENSION = app;
			};
			name = Release;
		};
		AE384912168CD8C800C99B55 /* Debug */ = {
			isa = XCBuildConfiguration;
			buildSettings = {
				COMBINE_HIDPI_IMAGES = YES;
				DYLIB_COMPATIBILITY_VERSION = 1;
				DYLIB_CURRENT_VERSION = 1;
				FRAMEWORK_SEARCH_PATHS = (
					"$(inherited)",
					"\"$(SYSTEM_APPS_DIR)/Xcode.app/Contents/Developer/Library/Frameworks\"",
				);
				FRAMEWORK_VERSION = A;
				GCC_ENABLE_OBJC_EXCEPTIONS = YES;
				GCC_PRECOMPILE_PREFIX_HEADER = YES;
				GCC_WARN_64_TO_32_BIT_CONVERSION = YES;
				INFOPLIST_FILE = "../InfoPlist/Framework-Info.plist";
				INSTALL_PATH = "@executable_path";
				MACOSX_DEPLOYMENT_TARGET = 10.8;
				PRODUCT_BUNDLE_IDENTIFIER = "io.pivotal.CoreLocation-PivotalSpecHelper";
				PRODUCT_NAME = "$(TARGET_NAME)";
				SDKROOT = macosx;
				WRAPPER_EXTENSION = framework;
			};
			name = Debug;
		};
		AE384913168CD8C800C99B55 /* Release */ = {
			isa = XCBuildConfiguration;
			buildSettings = {
				COMBINE_HIDPI_IMAGES = YES;
				DEBUG_INFORMATION_FORMAT = "dwarf-with-dsym";
				DYLIB_COMPATIBILITY_VERSION = 1;
				DYLIB_CURRENT_VERSION = 1;
				FRAMEWORK_SEARCH_PATHS = (
					"$(inherited)",
					"\"$(SYSTEM_APPS_DIR)/Xcode.app/Contents/Developer/Library/Frameworks\"",
				);
				FRAMEWORK_VERSION = A;
				GCC_ENABLE_OBJC_EXCEPTIONS = YES;
				GCC_PRECOMPILE_PREFIX_HEADER = YES;
				GCC_WARN_64_TO_32_BIT_CONVERSION = YES;
				INFOPLIST_FILE = "../InfoPlist/Framework-Info.plist";
				INSTALL_PATH = "@executable_path";
				MACOSX_DEPLOYMENT_TARGET = 10.8;
				PRODUCT_BUNDLE_IDENTIFIER = "io.pivotal.CoreLocation-PivotalSpecHelper";
				PRODUCT_NAME = "$(TARGET_NAME)";
				SDKROOT = macosx;
				WRAPPER_EXTENSION = framework;
			};
			name = Release;
		};
		AE384923168CD8D800C99B55 /* Debug */ = {
			isa = XCBuildConfiguration;
			buildSettings = {
				GCC_ENABLE_OBJC_EXCEPTIONS = YES;
				GCC_PRECOMPILE_PREFIX_HEADER = YES;
				GCC_WARN_64_TO_32_BIT_CONVERSION = YES;
				LD_RUNPATH_SEARCH_PATHS = "$(inherited) @executable_path";
				MACOSX_DEPLOYMENT_TARGET = 10.8;
				PRODUCT_NAME = "$(TARGET_NAME)";
				SDKROOT = macosx;
			};
			name = Debug;
		};
		AE384924168CD8D800C99B55 /* Release */ = {
			isa = XCBuildConfiguration;
			buildSettings = {
				DEBUG_INFORMATION_FORMAT = "dwarf-with-dsym";
				GCC_ENABLE_OBJC_EXCEPTIONS = YES;
				GCC_PRECOMPILE_PREFIX_HEADER = YES;
				GCC_WARN_64_TO_32_BIT_CONVERSION = YES;
				LD_RUNPATH_SEARCH_PATHS = "$(inherited) @executable_path";
				MACOSX_DEPLOYMENT_TARGET = 10.8;
				PRODUCT_NAME = "$(TARGET_NAME)";
				SDKROOT = macosx;
			};
			name = Release;
		};
		AE384998168D053300C99B55 /* Debug */ = {
			isa = XCBuildConfiguration;
			buildSettings = {
				DSTROOT = /tmp/CoreLocation_PivotalSpecHelper_StaticLib.dst;
				GCC_PRECOMPILE_PREFIX_HEADER = YES;
				IPHONEOS_DEPLOYMENT_TARGET = 5.0;
				OTHER_LDFLAGS = "-ObjC";
				PRODUCT_NAME = "$(TARGET_NAME)";
				SKIP_INSTALL = YES;
			};
			name = Debug;
		};
		AE384999168D053300C99B55 /* Release */ = {
			isa = XCBuildConfiguration;
			buildSettings = {
				DSTROOT = /tmp/CoreLocation_PivotalSpecHelper_StaticLib.dst;
				GCC_PRECOMPILE_PREFIX_HEADER = YES;
				IPHONEOS_DEPLOYMENT_TARGET = 5.0;
				OTHER_LDFLAGS = "-ObjC";
				PRODUCT_NAME = "$(TARGET_NAME)";
				SKIP_INSTALL = YES;
			};
			name = Release;
		};
/* End XCBuildConfiguration section */

/* Begin XCConfigurationList section */
		3466C0721B97A2ED00CBAB59 /* Build configuration list for PBXNativeTarget "CoreLocation-StaticLibSpecBundle" */ = {
			isa = XCConfigurationList;
			buildConfigurations = (
				3466C0731B97A2ED00CBAB59 /* Debug */,
				3466C0741B97A2ED00CBAB59 /* Release */,
			);
			defaultConfigurationIsVisible = 0;
			defaultConfigurationName = Release;
		};
		34A663F71BDFB78300EF0FEA /* Build configuration list for PBXNativeTarget "CoreLocation+PivotalSpecHelper-watchOS" */ = {
			isa = XCConfigurationList;
			buildConfigurations = (
				34A663F81BDFB78300EF0FEA /* Debug */,
				34A663F91BDFB78300EF0FEA /* Release */,
			);
			defaultConfigurationIsVisible = 0;
			defaultConfigurationName = Release;
		};
		34A664191BDFB9B500EF0FEA /* Build configuration list for PBXNativeTarget "CoreLocation+PivotalSpecHelper-tvOS" */ = {
			isa = XCConfigurationList;
			buildConfigurations = (
				34A6641A1BDFB9B500EF0FEA /* Debug */,
				34A6641B1BDFB9B500EF0FEA /* Release */,
			);
			defaultConfigurationIsVisible = 0;
			defaultConfigurationName = Release;
		};
		34A6642F1BDFBB9F00EF0FEA /* Build configuration list for PBXNativeTarget "CoreLocation-tvOS SpecBundle" */ = {
			isa = XCConfigurationList;
			buildConfigurations = (
				34A664301BDFBB9F00EF0FEA /* Debug */,
				34A664311BDFBB9F00EF0FEA /* Release */,
			);
			defaultConfigurationIsVisible = 0;
			defaultConfigurationName = Release;
		};
		AE3848CF168CD86000C99B55 /* Build configuration list for PBXProject "CoreLocation" */ = {
			isa = XCConfigurationList;
			buildConfigurations = (
				AE3848F1168CD86000C99B55 /* Debug */,
				AE3848F2168CD86000C99B55 /* Release */,
			);
			defaultConfigurationIsVisible = 0;
			defaultConfigurationName = Release;
		};
		AE3848F3168CD86000C99B55 /* Build configuration list for PBXNativeTarget "CoreLocation-StaticLibSpec" */ = {
			isa = XCConfigurationList;
			buildConfigurations = (
				AE3848F4168CD86000C99B55 /* Debug */,
				AE3848F5168CD86000C99B55 /* Release */,
			);
			defaultConfigurationIsVisible = 0;
			defaultConfigurationName = Release;
		};
		AE384911168CD8C800C99B55 /* Build configuration list for PBXNativeTarget "CoreLocation+PivotalSpecHelper" */ = {
			isa = XCConfigurationList;
			buildConfigurations = (
				AE384912168CD8C800C99B55 /* Debug */,
				AE384913168CD8C800C99B55 /* Release */,
			);
			defaultConfigurationIsVisible = 0;
			defaultConfigurationName = Release;
		};
		AE384922168CD8D800C99B55 /* Build configuration list for PBXNativeTarget "CoreLocationSpec" */ = {
			isa = XCConfigurationList;
			buildConfigurations = (
				AE384923168CD8D800C99B55 /* Debug */,
				AE384924168CD8D800C99B55 /* Release */,
			);
			defaultConfigurationIsVisible = 0;
			defaultConfigurationName = Release;
		};
		AE384997168D053300C99B55 /* Build configuration list for PBXNativeTarget "CoreLocation+PivotalSpecHelper-StaticLib" */ = {
			isa = XCConfigurationList;
			buildConfigurations = (
				AE384998168D053300C99B55 /* Debug */,
				AE384999168D053300C99B55 /* Release */,
			);
			defaultConfigurationIsVisible = 0;
			defaultConfigurationName = Release;
		};
/* End XCConfigurationList section */
	};
	rootObject = AE3848CC168CD86000C99B55 /* Project object */;
}
